// !$*UTF8*$!
{
	archiveVersion = 1;
	classes = {
	};
	objectVersion = 48;
	objects = {

/* Begin PBXBuildFile section */
		9B14351AA3E79009169839B2 /* libPods-SelfSell.a in Frameworks */ = {isa = PBXBuildFile; fileRef = 9EFF52A7EC8F1C623676E10C /* libPods-SelfSell.a */; };
		D50297EA200C50CC008375F9 /* SSettingService.mm in Sources */ = {isa = PBXBuildFile; fileRef = D50297DA200C50CC008375F9 /* SSettingService.mm */; };
		D50297F1200C5443008375F9 /* SSetting0Controller.m in Sources */ = {isa = PBXBuildFile; fileRef = D50297F0200C5443008375F9 /* SSetting0Controller.m */; };
		D50297FA200C56EA008375F9 /* TBSectionModel.m in Sources */ = {isa = PBXBuildFile; fileRef = D50297F9200C56EA008375F9 /* TBSectionModel.m */; };
		D50297FD200C570D008375F9 /* TBModel.m in Sources */ = {isa = PBXBuildFile; fileRef = D50297FC200C570D008375F9 /* TBModel.m */; };
		D5029800200C5770008375F9 /* TBSwitchModel.m in Sources */ = {isa = PBXBuildFile; fileRef = D50297FF200C5770008375F9 /* TBSwitchModel.m */; };
		D5029803200C578F008375F9 /* TBArrowModel.m in Sources */ = {isa = PBXBuildFile; fileRef = D5029802200C578F008375F9 /* TBArrowModel.m */; };
		D5029806200C57B7008375F9 /* TBExitModel.m in Sources */ = {isa = PBXBuildFile; fileRef = D5029805200C57B7008375F9 /* TBExitModel.m */; };
		D502980C200C58CC008375F9 /* TBCell.m in Sources */ = {isa = PBXBuildFile; fileRef = D502980B200C58CC008375F9 /* TBCell.m */; };
		D5029810200C5A4F008375F9 /* TBTableView.m in Sources */ = {isa = PBXBuildFile; fileRef = D502980F200C5A4F008375F9 /* TBTableView.m */; };
		D5029813200C5B41008375F9 /* TBSwitchCell.m in Sources */ = {isa = PBXBuildFile; fileRef = D5029812200C5B41008375F9 /* TBSwitchCell.m */; };
		D5029816200C5BE7008375F9 /* TBArrowCell.m in Sources */ = {isa = PBXBuildFile; fileRef = D5029815200C5BE7008375F9 /* TBArrowCell.m */; };
		D5029819200C5BF6008375F9 /* TBExitCell.m in Sources */ = {isa = PBXBuildFile; fileRef = D5029818200C5BF6008375F9 /* TBExitCell.m */; };
		D502981E200D9127008375F9 /* TBTextCell.m in Sources */ = {isa = PBXBuildFile; fileRef = D502981D200D9127008375F9 /* TBTextCell.m */; };
		D5029CF91FDF6E180063D82A /* Info.plist in Resources */ = {isa = PBXBuildFile; fileRef = D5029CF81FDF6E180063D82A /* Info.plist */; };
		D53B6B8D1FDF7A77006AEB46 /* Localizable.strings in Resources */ = {isa = PBXBuildFile; fileRef = D53B6B8F1FDF7A77006AEB46 /* Localizable.strings */; };
		D53B6B981FDF7DAD006AEB46 /* InfoPlist.strings in Resources */ = {isa = PBXBuildFile; fileRef = D53B6B9A1FDF7DAD006AEB46 /* InfoPlist.strings */; };
		D540F5421FDF83DF00AECCB7 /* Assets.xcassets in Resources */ = {isa = PBXBuildFile; fileRef = D540F5411FDF83DF00AECCB7 /* Assets.xcassets */; };
		D54483451FED040800D2F681 /* SVersionModel.m in Sources */ = {isa = PBXBuildFile; fileRef = D54483441FED040800D2F681 /* SVersionModel.m */; };
		D54483481FED049300D2F681 /* SVersionService.m in Sources */ = {isa = PBXBuildFile; fileRef = D54483471FED049300D2F681 /* SVersionService.m */; };
		D544834B1FED114200D2F681 /* SCheckVersionView.m in Sources */ = {isa = PBXBuildFile; fileRef = D544834A1FED114200D2F681 /* SCheckVersionView.m */; };
		D54894621FF0938400F2019B /* test002.m in Sources */ = {isa = PBXBuildFile; fileRef = D54894611FF0938400F2019B /* test002.m */; };
		D54894651FF0938C00F2019B /* test003.m in Sources */ = {isa = PBXBuildFile; fileRef = D54894641FF0938C00F2019B /* test003.m */; };
		D54894C61FF22C1400F2019B /* SVotesController.m in Sources */ = {isa = PBXBuildFile; fileRef = D54894C51FF22C1400F2019B /* SVotesController.m */; };
		D54894C91FF22C2C00F2019B /* SViewsController.m in Sources */ = {isa = PBXBuildFile; fileRef = D54894C81FF22C2C00F2019B /* SViewsController.m */; };
		D54894CC1FF22C3E00F2019B /* STalentsController.m in Sources */ = {isa = PBXBuildFile; fileRef = D54894CB1FF22C3E00F2019B /* STalentsController.m */; };
		D54894CF1FF22C5300F2019B /* SMarketController.m in Sources */ = {isa = PBXBuildFile; fileRef = D54894CE1FF22C5300F2019B /* SMarketController.m */; };
		D54894D51FF22CAD00F2019B /* SAccountModel.m in Sources */ = {isa = PBXBuildFile; fileRef = D54894D41FF22CAD00F2019B /* SAccountModel.m */; };
		D54894DF1FF235AD00F2019B /* AppContext+Cache.m in Sources */ = {isa = PBXBuildFile; fileRef = D54894D81FF235AD00F2019B /* AppContext+Cache.m */; };
		D54894E01FF235AD00F2019B /* AppContext+Account.mm in Sources */ = {isa = PBXBuildFile; fileRef = D54894DA1FF235AD00F2019B /* AppContext+Account.mm */; };
		D54894E11FF235AD00F2019B /* AppContext.m in Sources */ = {isa = PBXBuildFile; fileRef = D54894DC1FF235AD00F2019B /* AppContext.m */; };
		D54894E21FF235AD00F2019B /* AppDelegate.m in Sources */ = {isa = PBXBuildFile; fileRef = D54894DE1FF235AD00F2019B /* AppDelegate.m */; };
		D54894E81FF2388E00F2019B /* test006.m in Sources */ = {isa = PBXBuildFile; fileRef = D54894E71FF2388E00F2019B /* test006.m */; };
		D54894ED1FF23A9600F2019B /* SCheckVersionRequest.m in Sources */ = {isa = PBXBuildFile; fileRef = D54894EC1FF23A9600F2019B /* SCheckVersionRequest.m */; };
		D54894F01FF23AAB00F2019B /* SCheckVersionResponse.m in Sources */ = {isa = PBXBuildFile; fileRef = D54894EF1FF23AAB00F2019B /* SCheckVersionResponse.m */; };
		D54895021FF23F0D00F2019B /* SLoginByAccountRequest.m in Sources */ = {isa = PBXBuildFile; fileRef = D54894FE1FF23F0C00F2019B /* SLoginByAccountRequest.m */; };
		D54895031FF23F0D00F2019B /* SLoginByAccountResponse.m in Sources */ = {isa = PBXBuildFile; fileRef = D54895011FF23F0C00F2019B /* SLoginByAccountResponse.m */; };
		D54895061FF23F3700F2019B /* SLoginController.m in Sources */ = {isa = PBXBuildFile; fileRef = D54895051FF23F3700F2019B /* SLoginController.m */; };
		D548950D1FF2536D00F2019B /* SNetwork.m in Sources */ = {isa = PBXBuildFile; fileRef = D548950C1FF2536D00F2019B /* SNetwork.m */; };
		D5515F041FDF5A5500278579 /* SelfSellTests.m in Sources */ = {isa = PBXBuildFile; fileRef = D5515F031FDF5A5500278579 /* SelfSellTests.m */; };
		D5515F0F1FDF5A5500278579 /* SelfSellUITests.m in Sources */ = {isa = PBXBuildFile; fileRef = D5515F0E1FDF5A5500278579 /* SelfSellUITests.m */; };
		D554813B20107356003C1D5D /* SGoogleValidateController.m in Sources */ = {isa = PBXBuildFile; fileRef = D554813A20107356003C1D5D /* SGoogleValidateController.m */; };
		D5709CBA200DAABA007BBD4C /* TBTextModel.m in Sources */ = {isa = PBXBuildFile; fileRef = D5709CB9200DAABA007BBD4C /* TBTextModel.m */; };
		D5709CBD200E081B007BBD4C /* SSetting1Controller.mm in Sources */ = {isa = PBXBuildFile; fileRef = D5709CBC200E081B007BBD4C /* SSetting1Controller.mm */; };
		D5709CC0200EE00B007BBD4C /* SLanguageController.m in Sources */ = {isa = PBXBuildFile; fileRef = D5709CBF200EE00B007BBD4C /* SLanguageController.m */; };
		D5709CC3200EE021007BBD4C /* SAboutController.m in Sources */ = {isa = PBXBuildFile; fileRef = D5709CC2200EE021007BBD4C /* SAboutController.m */; };
		D5709CC6200EE03A007BBD4C /* SUpdatePWDController.m in Sources */ = {isa = PBXBuildFile; fileRef = D5709CC5200EE03A007BBD4C /* SUpdatePWDController.m */; };
		D5709CC9200EE60B007BBD4C /* SLanguageService.m in Sources */ = {isa = PBXBuildFile; fileRef = D5709CC8200EE60B007BBD4C /* SLanguageService.m */; };
		D5709CCC200EE710007BBD4C /* TBCheckCell.m in Sources */ = {isa = PBXBuildFile; fileRef = D5709CCB200EE710007BBD4C /* TBCheckCell.m */; };
		D5709CCF200EE73A007BBD4C /* TBCheckModel.m in Sources */ = {isa = PBXBuildFile; fileRef = D5709CCE200EE73A007BBD4C /* TBCheckModel.m */; };
		D5709CD3200F3852007BBD4C /* SLanguage.m in Sources */ = {isa = PBXBuildFile; fileRef = D5709CD2200F3852007BBD4C /* SLanguage.m */; };
		D592E1B92011F6BF009B5DF5 /* SHeaderView.m in Sources */ = {isa = PBXBuildFile; fileRef = D592E1B82011F6BF009B5DF5 /* SHeaderView.m */; };
		D5957AE720073B9000F6EE60 /* SCache.m in Sources */ = {isa = PBXBuildFile; fileRef = D5957AB920073B9000F6EE60 /* SCache.m */; };
		D5957AE820073B9000F6EE60 /* SNavigationController.m in Sources */ = {isa = PBXBuildFile; fileRef = D5957ABC20073B9000F6EE60 /* SNavigationController.m */; };
		D5957AE920073B9000F6EE60 /* STabBarController.m in Sources */ = {isa = PBXBuildFile; fileRef = D5957ABE20073B9000F6EE60 /* STabBarController.m */; };
		D5957AEA20073B9000F6EE60 /* STableViewController.m in Sources */ = {isa = PBXBuildFile; fileRef = D5957AC020073B9000F6EE60 /* STableViewController.m */; };
		D5957AEB20073B9000F6EE60 /* SViewController.m in Sources */ = {isa = PBXBuildFile; fileRef = D5957AC220073B9000F6EE60 /* SViewController.m */; };
		D5957AEC20073B9000F6EE60 /* SDao.mm in Sources */ = {isa = PBXBuildFile; fileRef = D5957AC520073B9000F6EE60 /* SDao.mm */; };
		D5957AED20073B9000F6EE60 /* SModel.mm in Sources */ = {isa = PBXBuildFile; fileRef = D5957AC820073B9000F6EE60 /* SModel.mm */; };
		D5957AEE20073B9000F6EE60 /* SObject.m in Sources */ = {isa = PBXBuildFile; fileRef = D5957ACA20073B9000F6EE60 /* SObject.m */; };
		D5957AEF20073B9000F6EE60 /* SRequest.m in Sources */ = {isa = PBXBuildFile; fileRef = D5957ACD20073B9000F6EE60 /* SRequest.m */; };
		D5957AF020073B9000F6EE60 /* SResponse.m in Sources */ = {isa = PBXBuildFile; fileRef = D5957AD020073B9000F6EE60 /* SResponse.m */; };
		D5957AF120073B9000F6EE60 /* SService.m in Sources */ = {isa = PBXBuildFile; fileRef = D5957AD320073B9000F6EE60 /* SService.m */; };
		D5957AF220073B9000F6EE60 /* SButton.m in Sources */ = {isa = PBXBuildFile; fileRef = D5957AD620073B9000F6EE60 /* SButton.m */; };
		D5957AF320073B9000F6EE60 /* SImageView.m in Sources */ = {isa = PBXBuildFile; fileRef = D5957AD820073B9000F6EE60 /* SImageView.m */; };
		D5957AF420073B9000F6EE60 /* SLabel.m in Sources */ = {isa = PBXBuildFile; fileRef = D5957ADA20073B9000F6EE60 /* SLabel.m */; };
		D5957AF520073B9000F6EE60 /* SScrollView.m in Sources */ = {isa = PBXBuildFile; fileRef = D5957ADC20073B9000F6EE60 /* SScrollView.m */; };
		D5957AF620073B9000F6EE60 /* STabBar.m in Sources */ = {isa = PBXBuildFile; fileRef = D5957ADE20073B9000F6EE60 /* STabBar.m */; };
		D5957AF720073B9000F6EE60 /* STableView.m in Sources */ = {isa = PBXBuildFile; fileRef = D5957AE020073B9000F6EE60 /* STableView.m */; };
		D5957AF820073B9000F6EE60 /* STextField.m in Sources */ = {isa = PBXBuildFile; fileRef = D5957AE220073B9000F6EE60 /* STextField.m */; };
		D5957AF920073B9000F6EE60 /* SView.m in Sources */ = {isa = PBXBuildFile; fileRef = D5957AE420073B9000F6EE60 /* SView.m */; };
		D5957AFA20073B9000F6EE60 /* SWebView.m in Sources */ = {isa = PBXBuildFile; fileRef = D5957AE620073B9000F6EE60 /* SWebView.m */; };
		D5957B072007466C00F6EE60 /* SDao+Category.mm in Sources */ = {isa = PBXBuildFile; fileRef = D5957B062007466C00F6EE60 /* SDao+Category.mm */; };
		D5957B0E200750FA00F6EE60 /* SCommonModel.mm in Sources */ = {isa = PBXBuildFile; fileRef = D5957B0D200750FA00F6EE60 /* SCommonModel.mm */; };
		D5ACA7432015CAB900A6C84F /* Info.plist in Resources */ = {isa = PBXBuildFile; fileRef = D5ACA7392015CAB900A6C84F /* Info.plist */; };
		D5ACA7442015CAB900A6C84F /* Swizzle.m in Sources */ = {isa = PBXBuildFile; fileRef = D5ACA73B2015CAB900A6C84F /* Swizzle.m */; };
		D5ACA7452015CAB900A6C84F /* UINavigationBarContentView+Margin.m in Sources */ = {isa = PBXBuildFile; fileRef = D5ACA73E2015CAB900A6C84F /* UINavigationBarContentView+Margin.m */; };
		D5ACA7462015CAB900A6C84F /* UINavigationBarContentViewLayout+Margin.m in Sources */ = {isa = PBXBuildFile; fileRef = D5ACA7402015CAB900A6C84F /* UINavigationBarContentViewLayout+Margin.m */; };
		D5ACA7472015CAB900A6C84F /* UINavigationItem+Margin.m in Sources */ = {isa = PBXBuildFile; fileRef = D5ACA7422015CAB900A6C84F /* UINavigationItem+Margin.m */; };
		D5ACA74A2015E72200A6C84F /* SSendMailRequest.m in Sources */ = {isa = PBXBuildFile; fileRef = D5ACA7492015E72200A6C84F /* SSendMailRequest.m */; };
		D5ACA74D2015E73900A6C84F /* SSendMailResponse.m in Sources */ = {isa = PBXBuildFile; fileRef = D5ACA74C2015E73900A6C84F /* SSendMailResponse.m */; };
		D5ACA7502015E84200A6C84F /* SRegisterByMailRequest.m in Sources */ = {isa = PBXBuildFile; fileRef = D5ACA74F2015E84200A6C84F /* SRegisterByMailRequest.m */; };
		D5ACA7532015E85700A6C84F /* SRegisterByMailResponse.m in Sources */ = {isa = PBXBuildFile; fileRef = D5ACA7522015E85700A6C84F /* SRegisterByMailResponse.m */; };
		D5ACA7562015E89000A6C84F /* SRegisterByMailController.m in Sources */ = {isa = PBXBuildFile; fileRef = D5ACA7552015E89000A6C84F /* SRegisterByMailController.m */; };
		D5ACA75A2015F28900A6C84F /* LGetTextFiled.m in Sources */ = {isa = PBXBuildFile; fileRef = D5ACA7592015F28900A6C84F /* LGetTextFiled.m */; };
		D5D7D8652016E44A005CBB11 /* SNavigationBar.m in Sources */ = {isa = PBXBuildFile; fileRef = D5D7D8642016E44A005CBB11 /* SNavigationBar.m */; };
		D5D7D86820170962005CBB11 /* SLoginByMailController.m in Sources */ = {isa = PBXBuildFile; fileRef = D5D7D86720170962005CBB11 /* SLoginByMailController.m */; };
		D5D7D86B201717F2005CBB11 /* SForgetPWDByMailController.m in Sources */ = {isa = PBXBuildFile; fileRef = D5D7D86A201717F2005CBB11 /* SForgetPWDByMailController.m */; };
		D5DB07441FEA692F00A347B1 /* main.m in Sources */ = {isa = PBXBuildFile; fileRef = D5DB07431FEA692F00A347B1 /* main.m */; };
		D5E610C8200884AD003C847A /* STouchID.m in Sources */ = {isa = PBXBuildFile; fileRef = D5E610C7200884AD003C847A /* STouchID.m */; };
		D5E610D320089528003C847A /* SFundController.m in Sources */ = {isa = PBXBuildFile; fileRef = D5E610D220089528003C847A /* SFundController.m */; };
		D5E610D620089546003C847A /* SActivityController.m in Sources */ = {isa = PBXBuildFile; fileRef = D5E610D520089546003C847A /* SActivityController.m */; };
		D5E610DE2008A669003C847A /* SWelcomeController.mm in Sources */ = {isa = PBXBuildFile; fileRef = D5E610DD2008A669003C847A /* SWelcomeController.mm */; };
/* End PBXBuildFile section */

/* Begin PBXContainerItemProxy section */
		D5515F001FDF5A5500278579 /* PBXContainerItemProxy */ = {
			isa = PBXContainerItemProxy;
			containerPortal = D5515EDF1FDF5A5500278579 /* Project object */;
			proxyType = 1;
			remoteGlobalIDString = D5515EE61FDF5A5500278579;
			remoteInfo = SelfSell;
		};
		D5515F0B1FDF5A5500278579 /* PBXContainerItemProxy */ = {
			isa = PBXContainerItemProxy;
			containerPortal = D5515EDF1FDF5A5500278579 /* Project object */;
			proxyType = 1;
			remoteGlobalIDString = D5515EE61FDF5A5500278579;
			remoteInfo = SelfSell;
		};
/* End PBXContainerItemProxy section */

/* Begin PBXFileReference section */
		9D18FA091712F14E3B41300F /* Pods-SelfSell.debug.xcconfig */ = {isa = PBXFileReference; includeInIndex = 1; lastKnownFileType = text.xcconfig; name = "Pods-SelfSell.debug.xcconfig"; path = "Pods/Target Support Files/Pods-SelfSell/Pods-SelfSell.debug.xcconfig"; sourceTree = "<group>"; };
		9EFF52A7EC8F1C623676E10C /* libPods-SelfSell.a */ = {isa = PBXFileReference; explicitFileType = archive.ar; includeInIndex = 0; path = "libPods-SelfSell.a"; sourceTree = BUILT_PRODUCTS_DIR; };
		B95743EA1191B400556286F0 /* Pods-SelfSell.release.xcconfig */ = {isa = PBXFileReference; includeInIndex = 1; lastKnownFileType = text.xcconfig; name = "Pods-SelfSell.release.xcconfig"; path = "Pods/Target Support Files/Pods-SelfSell/Pods-SelfSell.release.xcconfig"; sourceTree = "<group>"; };
		D50297D9200C50CC008375F9 /* SSettingService.h */ = {isa = PBXFileReference; fileEncoding = 4; lastKnownFileType = sourcecode.c.h; path = SSettingService.h; sourceTree = "<group>"; };
		D50297DA200C50CC008375F9 /* SSettingService.mm */ = {isa = PBXFileReference; fileEncoding = 4; lastKnownFileType = sourcecode.cpp.objcpp; path = SSettingService.mm; sourceTree = "<group>"; };
		D50297EF200C5443008375F9 /* SSetting0Controller.h */ = {isa = PBXFileReference; fileEncoding = 4; lastKnownFileType = sourcecode.c.h; path = SSetting0Controller.h; sourceTree = "<group>"; };
		D50297F0200C5443008375F9 /* SSetting0Controller.m */ = {isa = PBXFileReference; fileEncoding = 4; lastKnownFileType = sourcecode.c.objc; path = SSetting0Controller.m; sourceTree = "<group>"; };
		D50297F8200C56EA008375F9 /* TBSectionModel.h */ = {isa = PBXFileReference; lastKnownFileType = sourcecode.c.h; path = TBSectionModel.h; sourceTree = "<group>"; };
		D50297F9200C56EA008375F9 /* TBSectionModel.m */ = {isa = PBXFileReference; lastKnownFileType = sourcecode.c.objc; path = TBSectionModel.m; sourceTree = "<group>"; };
		D50297FB200C570D008375F9 /* TBModel.h */ = {isa = PBXFileReference; lastKnownFileType = sourcecode.c.h; path = TBModel.h; sourceTree = "<group>"; };
		D50297FC200C570D008375F9 /* TBModel.m */ = {isa = PBXFileReference; lastKnownFileType = sourcecode.c.objc; path = TBModel.m; sourceTree = "<group>"; };
		D50297FE200C5770008375F9 /* TBSwitchModel.h */ = {isa = PBXFileReference; lastKnownFileType = sourcecode.c.h; path = TBSwitchModel.h; sourceTree = "<group>"; };
		D50297FF200C5770008375F9 /* TBSwitchModel.m */ = {isa = PBXFileReference; lastKnownFileType = sourcecode.c.objc; path = TBSwitchModel.m; sourceTree = "<group>"; };
		D5029801200C578F008375F9 /* TBArrowModel.h */ = {isa = PBXFileReference; lastKnownFileType = sourcecode.c.h; path = TBArrowModel.h; sourceTree = "<group>"; };
		D5029802200C578F008375F9 /* TBArrowModel.m */ = {isa = PBXFileReference; lastKnownFileType = sourcecode.c.objc; path = TBArrowModel.m; sourceTree = "<group>"; };
		D5029804200C57B7008375F9 /* TBExitModel.h */ = {isa = PBXFileReference; lastKnownFileType = sourcecode.c.h; path = TBExitModel.h; sourceTree = "<group>"; };
		D5029805200C57B7008375F9 /* TBExitModel.m */ = {isa = PBXFileReference; lastKnownFileType = sourcecode.c.objc; path = TBExitModel.m; sourceTree = "<group>"; };
		D502980A200C58CC008375F9 /* TBCell.h */ = {isa = PBXFileReference; lastKnownFileType = sourcecode.c.h; path = TBCell.h; sourceTree = "<group>"; };
		D502980B200C58CC008375F9 /* TBCell.m */ = {isa = PBXFileReference; lastKnownFileType = sourcecode.c.objc; path = TBCell.m; sourceTree = "<group>"; };
		D502980E200C5A4F008375F9 /* TBTableView.h */ = {isa = PBXFileReference; lastKnownFileType = sourcecode.c.h; path = TBTableView.h; sourceTree = "<group>"; };
		D502980F200C5A4F008375F9 /* TBTableView.m */ = {isa = PBXFileReference; lastKnownFileType = sourcecode.c.objc; path = TBTableView.m; sourceTree = "<group>"; };
		D5029811200C5B41008375F9 /* TBSwitchCell.h */ = {isa = PBXFileReference; lastKnownFileType = sourcecode.c.h; path = TBSwitchCell.h; sourceTree = "<group>"; };
		D5029812200C5B41008375F9 /* TBSwitchCell.m */ = {isa = PBXFileReference; lastKnownFileType = sourcecode.c.objc; path = TBSwitchCell.m; sourceTree = "<group>"; };
		D5029814200C5BE7008375F9 /* TBArrowCell.h */ = {isa = PBXFileReference; lastKnownFileType = sourcecode.c.h; path = TBArrowCell.h; sourceTree = "<group>"; };
		D5029815200C5BE7008375F9 /* TBArrowCell.m */ = {isa = PBXFileReference; lastKnownFileType = sourcecode.c.objc; path = TBArrowCell.m; sourceTree = "<group>"; };
		D5029817200C5BF6008375F9 /* TBExitCell.h */ = {isa = PBXFileReference; lastKnownFileType = sourcecode.c.h; path = TBExitCell.h; sourceTree = "<group>"; };
		D5029818200C5BF6008375F9 /* TBExitCell.m */ = {isa = PBXFileReference; lastKnownFileType = sourcecode.c.objc; path = TBExitCell.m; sourceTree = "<group>"; };
		D502981C200D9127008375F9 /* TBTextCell.h */ = {isa = PBXFileReference; lastKnownFileType = sourcecode.c.h; path = TBTextCell.h; sourceTree = "<group>"; };
		D502981D200D9127008375F9 /* TBTextCell.m */ = {isa = PBXFileReference; lastKnownFileType = sourcecode.c.objc; path = TBTextCell.m; sourceTree = "<group>"; };
		D5029CF71FDF6D6B0063D82A /* SelfSell-Prefix.pch */ = {isa = PBXFileReference; lastKnownFileType = sourcecode.c.h; path = "SelfSell-Prefix.pch"; sourceTree = "<group>"; };
		D5029CF81FDF6E180063D82A /* Info.plist */ = {isa = PBXFileReference; fileEncoding = 4; lastKnownFileType = text.plist.xml; path = Info.plist; sourceTree = "<group>"; };
		D519D34F1FDF683A00D4C9FD /* Foundation.framework */ = {isa = PBXFileReference; lastKnownFileType = wrapper.framework; name = Foundation.framework; path = System/Library/Frameworks/Foundation.framework; sourceTree = SDKROOT; };
		D519D3501FDF684600D4C9FD /* UIKit.framework */ = {isa = PBXFileReference; lastKnownFileType = wrapper.framework; name = UIKit.framework; path = System/Library/Frameworks/UIKit.framework; sourceTree = SDKROOT; };
		D53B6B931FDF7ABB006AEB46 /* en */ = {isa = PBXFileReference; lastKnownFileType = text.plist.strings; name = en; path = en.lproj/Localizable.strings; sourceTree = "<group>"; };
		D53B6B941FDF7B32006AEB46 /* zh-Hans */ = {isa = PBXFileReference; lastKnownFileType = text.plist.strings; name = "zh-Hans"; path = "zh-Hans.lproj/Localizable.strings"; sourceTree = "<group>"; };
		D53B6B991FDF7DAD006AEB46 /* en */ = {isa = PBXFileReference; lastKnownFileType = text.plist.strings; name = en; path = en.lproj/InfoPlist.strings; sourceTree = "<group>"; };
		D53B6B9B1FDF7DB3006AEB46 /* zh-Hans */ = {isa = PBXFileReference; lastKnownFileType = text.plist.strings; name = "zh-Hans"; path = "zh-Hans.lproj/InfoPlist.strings"; sourceTree = "<group>"; };
		D540F5411FDF83DF00AECCB7 /* Assets.xcassets */ = {isa = PBXFileReference; lastKnownFileType = folder.assetcatalog; path = Assets.xcassets; sourceTree = "<group>"; };
		D54483431FED040800D2F681 /* SVersionModel.h */ = {isa = PBXFileReference; lastKnownFileType = sourcecode.c.h; path = SVersionModel.h; sourceTree = "<group>"; };
		D54483441FED040800D2F681 /* SVersionModel.m */ = {isa = PBXFileReference; lastKnownFileType = sourcecode.c.objc; path = SVersionModel.m; sourceTree = "<group>"; };
		D54483461FED049300D2F681 /* SVersionService.h */ = {isa = PBXFileReference; lastKnownFileType = sourcecode.c.h; path = SVersionService.h; sourceTree = "<group>"; };
		D54483471FED049300D2F681 /* SVersionService.m */ = {isa = PBXFileReference; lastKnownFileType = sourcecode.c.objc; path = SVersionService.m; sourceTree = "<group>"; };
		D54483491FED114200D2F681 /* SCheckVersionView.h */ = {isa = PBXFileReference; lastKnownFileType = sourcecode.c.h; path = SCheckVersionView.h; sourceTree = "<group>"; };
		D544834A1FED114200D2F681 /* SCheckVersionView.m */ = {isa = PBXFileReference; lastKnownFileType = sourcecode.c.objc; path = SCheckVersionView.m; sourceTree = "<group>"; };
		D54894601FF0938400F2019B /* test002.h */ = {isa = PBXFileReference; lastKnownFileType = sourcecode.c.h; path = test002.h; sourceTree = "<group>"; };
		D54894611FF0938400F2019B /* test002.m */ = {isa = PBXFileReference; lastKnownFileType = sourcecode.c.objc; path = test002.m; sourceTree = "<group>"; };
		D54894631FF0938C00F2019B /* test003.h */ = {isa = PBXFileReference; lastKnownFileType = sourcecode.c.h; path = test003.h; sourceTree = "<group>"; };
		D54894641FF0938C00F2019B /* test003.m */ = {isa = PBXFileReference; lastKnownFileType = sourcecode.c.objc; path = test003.m; sourceTree = "<group>"; };
		D54894C41FF22C1400F2019B /* SVotesController.h */ = {isa = PBXFileReference; lastKnownFileType = sourcecode.c.h; path = SVotesController.h; sourceTree = "<group>"; };
		D54894C51FF22C1400F2019B /* SVotesController.m */ = {isa = PBXFileReference; lastKnownFileType = sourcecode.c.objc; path = SVotesController.m; sourceTree = "<group>"; };
		D54894C71FF22C2C00F2019B /* SViewsController.h */ = {isa = PBXFileReference; lastKnownFileType = sourcecode.c.h; path = SViewsController.h; sourceTree = "<group>"; };
		D54894C81FF22C2C00F2019B /* SViewsController.m */ = {isa = PBXFileReference; lastKnownFileType = sourcecode.c.objc; path = SViewsController.m; sourceTree = "<group>"; };
		D54894CA1FF22C3E00F2019B /* STalentsController.h */ = {isa = PBXFileReference; lastKnownFileType = sourcecode.c.h; path = STalentsController.h; sourceTree = "<group>"; };
		D54894CB1FF22C3E00F2019B /* STalentsController.m */ = {isa = PBXFileReference; lastKnownFileType = sourcecode.c.objc; path = STalentsController.m; sourceTree = "<group>"; };
		D54894CD1FF22C5300F2019B /* SMarketController.h */ = {isa = PBXFileReference; lastKnownFileType = sourcecode.c.h; path = SMarketController.h; sourceTree = "<group>"; };
		D54894CE1FF22C5300F2019B /* SMarketController.m */ = {isa = PBXFileReference; lastKnownFileType = sourcecode.c.objc; path = SMarketController.m; sourceTree = "<group>"; };
		D54894D31FF22CAD00F2019B /* SAccountModel.h */ = {isa = PBXFileReference; lastKnownFileType = sourcecode.c.h; path = SAccountModel.h; sourceTree = "<group>"; };
		D54894D41FF22CAD00F2019B /* SAccountModel.m */ = {isa = PBXFileReference; lastKnownFileType = sourcecode.c.objc; path = SAccountModel.m; sourceTree = "<group>"; };
		D54894D71FF235AD00F2019B /* AppContext+Cache.h */ = {isa = PBXFileReference; fileEncoding = 4; lastKnownFileType = sourcecode.c.h; path = "AppContext+Cache.h"; sourceTree = "<group>"; };
		D54894D81FF235AD00F2019B /* AppContext+Cache.m */ = {isa = PBXFileReference; fileEncoding = 4; lastKnownFileType = sourcecode.c.objc; path = "AppContext+Cache.m"; sourceTree = "<group>"; };
		D54894D91FF235AD00F2019B /* AppContext+Account.h */ = {isa = PBXFileReference; fileEncoding = 4; lastKnownFileType = sourcecode.c.h; path = "AppContext+Account.h"; sourceTree = "<group>"; };
		D54894DA1FF235AD00F2019B /* AppContext+Account.mm */ = {isa = PBXFileReference; fileEncoding = 4; lastKnownFileType = sourcecode.cpp.objcpp; path = "AppContext+Account.mm"; sourceTree = "<group>"; };
		D54894DB1FF235AD00F2019B /* AppContext.h */ = {isa = PBXFileReference; fileEncoding = 4; lastKnownFileType = sourcecode.c.h; path = AppContext.h; sourceTree = "<group>"; };
		D54894DC1FF235AD00F2019B /* AppContext.m */ = {isa = PBXFileReference; fileEncoding = 4; lastKnownFileType = sourcecode.c.objc; path = AppContext.m; sourceTree = "<group>"; };
		D54894DD1FF235AD00F2019B /* AppDelegate.h */ = {isa = PBXFileReference; fileEncoding = 4; lastKnownFileType = sourcecode.c.h; path = AppDelegate.h; sourceTree = "<group>"; };
		D54894DE1FF235AD00F2019B /* AppDelegate.m */ = {isa = PBXFileReference; fileEncoding = 4; lastKnownFileType = sourcecode.c.objc; path = AppDelegate.m; sourceTree = "<group>"; };
		D54894E61FF2388E00F2019B /* test006.h */ = {isa = PBXFileReference; lastKnownFileType = sourcecode.c.h; path = test006.h; sourceTree = "<group>"; };
		D54894E71FF2388E00F2019B /* test006.m */ = {isa = PBXFileReference; lastKnownFileType = sourcecode.c.objc; path = test006.m; sourceTree = "<group>"; };
		D54894EB1FF23A9600F2019B /* SCheckVersionRequest.h */ = {isa = PBXFileReference; lastKnownFileType = sourcecode.c.h; path = SCheckVersionRequest.h; sourceTree = "<group>"; };
		D54894EC1FF23A9600F2019B /* SCheckVersionRequest.m */ = {isa = PBXFileReference; lastKnownFileType = sourcecode.c.objc; path = SCheckVersionRequest.m; sourceTree = "<group>"; };
		D54894EE1FF23AAB00F2019B /* SCheckVersionResponse.h */ = {isa = PBXFileReference; lastKnownFileType = sourcecode.c.h; path = SCheckVersionResponse.h; sourceTree = "<group>"; };
		D54894EF1FF23AAB00F2019B /* SCheckVersionResponse.m */ = {isa = PBXFileReference; lastKnownFileType = sourcecode.c.objc; path = SCheckVersionResponse.m; sourceTree = "<group>"; };
		D54894FD1FF23F0C00F2019B /* SLoginByAccountRequest.h */ = {isa = PBXFileReference; fileEncoding = 4; lastKnownFileType = sourcecode.c.h; path = SLoginByAccountRequest.h; sourceTree = "<group>"; };
		D54894FE1FF23F0C00F2019B /* SLoginByAccountRequest.m */ = {isa = PBXFileReference; fileEncoding = 4; lastKnownFileType = sourcecode.c.objc; path = SLoginByAccountRequest.m; sourceTree = "<group>"; };
		D54895001FF23F0C00F2019B /* SLoginByAccountResponse.h */ = {isa = PBXFileReference; fileEncoding = 4; lastKnownFileType = sourcecode.c.h; path = SLoginByAccountResponse.h; sourceTree = "<group>"; };
		D54895011FF23F0C00F2019B /* SLoginByAccountResponse.m */ = {isa = PBXFileReference; fileEncoding = 4; lastKnownFileType = sourcecode.c.objc; path = SLoginByAccountResponse.m; sourceTree = "<group>"; };
		D54895041FF23F3700F2019B /* SLoginController.h */ = {isa = PBXFileReference; fileEncoding = 4; lastKnownFileType = sourcecode.c.h; path = SLoginController.h; sourceTree = "<group>"; };
		D54895051FF23F3700F2019B /* SLoginController.m */ = {isa = PBXFileReference; fileEncoding = 4; lastKnownFileType = sourcecode.c.objc; path = SLoginController.m; sourceTree = "<group>"; };
		D548950B1FF2536D00F2019B /* SNetwork.h */ = {isa = PBXFileReference; lastKnownFileType = sourcecode.c.h; path = SNetwork.h; sourceTree = "<group>"; };
		D548950C1FF2536D00F2019B /* SNetwork.m */ = {isa = PBXFileReference; lastKnownFileType = sourcecode.c.objc; path = SNetwork.m; sourceTree = "<group>"; };
		D5515EE71FDF5A5500278579 /* SelfSell.app */ = {isa = PBXFileReference; explicitFileType = wrapper.application; includeInIndex = 0; path = SelfSell.app; sourceTree = BUILT_PRODUCTS_DIR; };
		D5515EFF1FDF5A5500278579 /* SelfSellTests.xctest */ = {isa = PBXFileReference; explicitFileType = wrapper.cfbundle; includeInIndex = 0; path = SelfSellTests.xctest; sourceTree = BUILT_PRODUCTS_DIR; };
		D5515F031FDF5A5500278579 /* SelfSellTests.m */ = {isa = PBXFileReference; lastKnownFileType = sourcecode.c.objc; path = SelfSellTests.m; sourceTree = "<group>"; };
		D5515F051FDF5A5500278579 /* Info.plist */ = {isa = PBXFileReference; lastKnownFileType = text.plist.xml; path = Info.plist; sourceTree = "<group>"; };
		D5515F0A1FDF5A5500278579 /* SelfSellUITests.xctest */ = {isa = PBXFileReference; explicitFileType = wrapper.cfbundle; includeInIndex = 0; path = SelfSellUITests.xctest; sourceTree = BUILT_PRODUCTS_DIR; };
		D5515F0E1FDF5A5500278579 /* SelfSellUITests.m */ = {isa = PBXFileReference; lastKnownFileType = sourcecode.c.objc; path = SelfSellUITests.m; sourceTree = "<group>"; };
		D5515F101FDF5A5500278579 /* Info.plist */ = {isa = PBXFileReference; lastKnownFileType = text.plist.xml; path = Info.plist; sourceTree = "<group>"; };
		D554813920107356003C1D5D /* SGoogleValidateController.h */ = {isa = PBXFileReference; lastKnownFileType = sourcecode.c.h; path = SGoogleValidateController.h; sourceTree = "<group>"; };
		D554813A20107356003C1D5D /* SGoogleValidateController.m */ = {isa = PBXFileReference; lastKnownFileType = sourcecode.c.objc; path = SGoogleValidateController.m; sourceTree = "<group>"; };
		D5709CB8200DAABA007BBD4C /* TBTextModel.h */ = {isa = PBXFileReference; lastKnownFileType = sourcecode.c.h; path = TBTextModel.h; sourceTree = "<group>"; };
		D5709CB9200DAABA007BBD4C /* TBTextModel.m */ = {isa = PBXFileReference; lastKnownFileType = sourcecode.c.objc; path = TBTextModel.m; sourceTree = "<group>"; };
		D5709CBB200E081B007BBD4C /* SSetting1Controller.h */ = {isa = PBXFileReference; lastKnownFileType = sourcecode.c.h; path = SSetting1Controller.h; sourceTree = "<group>"; };
		D5709CBC200E081B007BBD4C /* SSetting1Controller.mm */ = {isa = PBXFileReference; lastKnownFileType = sourcecode.cpp.objcpp; path = SSetting1Controller.mm; sourceTree = "<group>"; };
		D5709CBE200EE00B007BBD4C /* SLanguageController.h */ = {isa = PBXFileReference; lastKnownFileType = sourcecode.c.h; path = SLanguageController.h; sourceTree = "<group>"; };
		D5709CBF200EE00B007BBD4C /* SLanguageController.m */ = {isa = PBXFileReference; lastKnownFileType = sourcecode.c.objc; path = SLanguageController.m; sourceTree = "<group>"; };
		D5709CC1200EE021007BBD4C /* SAboutController.h */ = {isa = PBXFileReference; lastKnownFileType = sourcecode.c.h; path = SAboutController.h; sourceTree = "<group>"; };
		D5709CC2200EE021007BBD4C /* SAboutController.m */ = {isa = PBXFileReference; lastKnownFileType = sourcecode.c.objc; path = SAboutController.m; sourceTree = "<group>"; };
		D5709CC4200EE03A007BBD4C /* SUpdatePWDController.h */ = {isa = PBXFileReference; lastKnownFileType = sourcecode.c.h; path = SUpdatePWDController.h; sourceTree = "<group>"; };
		D5709CC5200EE03A007BBD4C /* SUpdatePWDController.m */ = {isa = PBXFileReference; lastKnownFileType = sourcecode.c.objc; path = SUpdatePWDController.m; sourceTree = "<group>"; };
		D5709CC7200EE60B007BBD4C /* SLanguageService.h */ = {isa = PBXFileReference; lastKnownFileType = sourcecode.c.h; path = SLanguageService.h; sourceTree = "<group>"; };
		D5709CC8200EE60B007BBD4C /* SLanguageService.m */ = {isa = PBXFileReference; lastKnownFileType = sourcecode.c.objc; path = SLanguageService.m; sourceTree = "<group>"; };
		D5709CCA200EE710007BBD4C /* TBCheckCell.h */ = {isa = PBXFileReference; lastKnownFileType = sourcecode.c.h; path = TBCheckCell.h; sourceTree = "<group>"; };
		D5709CCB200EE710007BBD4C /* TBCheckCell.m */ = {isa = PBXFileReference; lastKnownFileType = sourcecode.c.objc; path = TBCheckCell.m; sourceTree = "<group>"; };
		D5709CCD200EE73A007BBD4C /* TBCheckModel.h */ = {isa = PBXFileReference; lastKnownFileType = sourcecode.c.h; path = TBCheckModel.h; sourceTree = "<group>"; };
		D5709CCE200EE73A007BBD4C /* TBCheckModel.m */ = {isa = PBXFileReference; lastKnownFileType = sourcecode.c.objc; path = TBCheckModel.m; sourceTree = "<group>"; };
		D5709CD1200F3852007BBD4C /* SLanguage.h */ = {isa = PBXFileReference; lastKnownFileType = sourcecode.c.h; path = SLanguage.h; sourceTree = "<group>"; };
		D5709CD2200F3852007BBD4C /* SLanguage.m */ = {isa = PBXFileReference; lastKnownFileType = sourcecode.c.objc; path = SLanguage.m; sourceTree = "<group>"; };
		D592E1B72011F6BF009B5DF5 /* SHeaderView.h */ = {isa = PBXFileReference; lastKnownFileType = sourcecode.c.h; path = SHeaderView.h; sourceTree = "<group>"; };
		D592E1B82011F6BF009B5DF5 /* SHeaderView.m */ = {isa = PBXFileReference; lastKnownFileType = sourcecode.c.objc; path = SHeaderView.m; sourceTree = "<group>"; };
		D5957AB820073B9000F6EE60 /* SCache.h */ = {isa = PBXFileReference; fileEncoding = 4; lastKnownFileType = sourcecode.c.h; path = SCache.h; sourceTree = "<group>"; };
		D5957AB920073B9000F6EE60 /* SCache.m */ = {isa = PBXFileReference; fileEncoding = 4; lastKnownFileType = sourcecode.c.objc; path = SCache.m; sourceTree = "<group>"; };
		D5957ABB20073B9000F6EE60 /* SNavigationController.h */ = {isa = PBXFileReference; fileEncoding = 4; lastKnownFileType = sourcecode.c.h; path = SNavigationController.h; sourceTree = "<group>"; };
		D5957ABC20073B9000F6EE60 /* SNavigationController.m */ = {isa = PBXFileReference; fileEncoding = 4; lastKnownFileType = sourcecode.c.objc; path = SNavigationController.m; sourceTree = "<group>"; };
		D5957ABD20073B9000F6EE60 /* STabBarController.h */ = {isa = PBXFileReference; fileEncoding = 4; lastKnownFileType = sourcecode.c.h; path = STabBarController.h; sourceTree = "<group>"; };
		D5957ABE20073B9000F6EE60 /* STabBarController.m */ = {isa = PBXFileReference; fileEncoding = 4; lastKnownFileType = sourcecode.c.objc; path = STabBarController.m; sourceTree = "<group>"; };
		D5957ABF20073B9000F6EE60 /* STableViewController.h */ = {isa = PBXFileReference; fileEncoding = 4; lastKnownFileType = sourcecode.c.h; path = STableViewController.h; sourceTree = "<group>"; };
		D5957AC020073B9000F6EE60 /* STableViewController.m */ = {isa = PBXFileReference; fileEncoding = 4; lastKnownFileType = sourcecode.c.objc; path = STableViewController.m; sourceTree = "<group>"; };
		D5957AC120073B9000F6EE60 /* SViewController.h */ = {isa = PBXFileReference; fileEncoding = 4; lastKnownFileType = sourcecode.c.h; path = SViewController.h; sourceTree = "<group>"; };
		D5957AC220073B9000F6EE60 /* SViewController.m */ = {isa = PBXFileReference; fileEncoding = 4; lastKnownFileType = sourcecode.c.objc; path = SViewController.m; sourceTree = "<group>"; };
		D5957AC420073B9000F6EE60 /* SDao.h */ = {isa = PBXFileReference; fileEncoding = 4; lastKnownFileType = sourcecode.c.h; path = SDao.h; sourceTree = "<group>"; };
		D5957AC520073B9000F6EE60 /* SDao.mm */ = {isa = PBXFileReference; fileEncoding = 4; lastKnownFileType = sourcecode.cpp.objcpp; path = SDao.mm; sourceTree = "<group>"; };
		D5957AC720073B9000F6EE60 /* SModel.h */ = {isa = PBXFileReference; fileEncoding = 4; lastKnownFileType = sourcecode.c.h; path = SModel.h; sourceTree = "<group>"; };
		D5957AC820073B9000F6EE60 /* SModel.mm */ = {isa = PBXFileReference; fileEncoding = 4; lastKnownFileType = sourcecode.cpp.objcpp; path = SModel.mm; sourceTree = "<group>"; };
		D5957AC920073B9000F6EE60 /* SObject.h */ = {isa = PBXFileReference; fileEncoding = 4; lastKnownFileType = sourcecode.c.h; path = SObject.h; sourceTree = "<group>"; };
		D5957ACA20073B9000F6EE60 /* SObject.m */ = {isa = PBXFileReference; fileEncoding = 4; lastKnownFileType = sourcecode.c.objc; path = SObject.m; sourceTree = "<group>"; };
		D5957ACC20073B9000F6EE60 /* SRequest.h */ = {isa = PBXFileReference; fileEncoding = 4; lastKnownFileType = sourcecode.c.h; path = SRequest.h; sourceTree = "<group>"; };
		D5957ACD20073B9000F6EE60 /* SRequest.m */ = {isa = PBXFileReference; fileEncoding = 4; lastKnownFileType = sourcecode.c.objc; path = SRequest.m; sourceTree = "<group>"; };
		D5957ACF20073B9000F6EE60 /* SResponse.h */ = {isa = PBXFileReference; fileEncoding = 4; lastKnownFileType = sourcecode.c.h; path = SResponse.h; sourceTree = "<group>"; };
		D5957AD020073B9000F6EE60 /* SResponse.m */ = {isa = PBXFileReference; fileEncoding = 4; lastKnownFileType = sourcecode.c.objc; path = SResponse.m; sourceTree = "<group>"; };
		D5957AD220073B9000F6EE60 /* SService.h */ = {isa = PBXFileReference; fileEncoding = 4; lastKnownFileType = sourcecode.c.h; path = SService.h; sourceTree = "<group>"; };
		D5957AD320073B9000F6EE60 /* SService.m */ = {isa = PBXFileReference; fileEncoding = 4; lastKnownFileType = sourcecode.c.objc; path = SService.m; sourceTree = "<group>"; };
		D5957AD520073B9000F6EE60 /* SButton.h */ = {isa = PBXFileReference; fileEncoding = 4; lastKnownFileType = sourcecode.c.h; path = SButton.h; sourceTree = "<group>"; };
		D5957AD620073B9000F6EE60 /* SButton.m */ = {isa = PBXFileReference; fileEncoding = 4; lastKnownFileType = sourcecode.c.objc; path = SButton.m; sourceTree = "<group>"; };
		D5957AD720073B9000F6EE60 /* SImageView.h */ = {isa = PBXFileReference; fileEncoding = 4; lastKnownFileType = sourcecode.c.h; path = SImageView.h; sourceTree = "<group>"; };
		D5957AD820073B9000F6EE60 /* SImageView.m */ = {isa = PBXFileReference; fileEncoding = 4; lastKnownFileType = sourcecode.c.objc; path = SImageView.m; sourceTree = "<group>"; };
		D5957AD920073B9000F6EE60 /* SLabel.h */ = {isa = PBXFileReference; fileEncoding = 4; lastKnownFileType = sourcecode.c.h; path = SLabel.h; sourceTree = "<group>"; };
		D5957ADA20073B9000F6EE60 /* SLabel.m */ = {isa = PBXFileReference; fileEncoding = 4; lastKnownFileType = sourcecode.c.objc; path = SLabel.m; sourceTree = "<group>"; };
		D5957ADB20073B9000F6EE60 /* SScrollView.h */ = {isa = PBXFileReference; fileEncoding = 4; lastKnownFileType = sourcecode.c.h; path = SScrollView.h; sourceTree = "<group>"; };
		D5957ADC20073B9000F6EE60 /* SScrollView.m */ = {isa = PBXFileReference; fileEncoding = 4; lastKnownFileType = sourcecode.c.objc; path = SScrollView.m; sourceTree = "<group>"; };
		D5957ADD20073B9000F6EE60 /* STabBar.h */ = {isa = PBXFileReference; fileEncoding = 4; lastKnownFileType = sourcecode.c.h; path = STabBar.h; sourceTree = "<group>"; };
		D5957ADE20073B9000F6EE60 /* STabBar.m */ = {isa = PBXFileReference; fileEncoding = 4; lastKnownFileType = sourcecode.c.objc; path = STabBar.m; sourceTree = "<group>"; };
		D5957ADF20073B9000F6EE60 /* STableView.h */ = {isa = PBXFileReference; fileEncoding = 4; lastKnownFileType = sourcecode.c.h; path = STableView.h; sourceTree = "<group>"; };
		D5957AE020073B9000F6EE60 /* STableView.m */ = {isa = PBXFileReference; fileEncoding = 4; lastKnownFileType = sourcecode.c.objc; path = STableView.m; sourceTree = "<group>"; };
		D5957AE120073B9000F6EE60 /* STextField.h */ = {isa = PBXFileReference; fileEncoding = 4; lastKnownFileType = sourcecode.c.h; path = STextField.h; sourceTree = "<group>"; };
		D5957AE220073B9000F6EE60 /* STextField.m */ = {isa = PBXFileReference; fileEncoding = 4; lastKnownFileType = sourcecode.c.objc; path = STextField.m; sourceTree = "<group>"; };
		D5957AE320073B9000F6EE60 /* SView.h */ = {isa = PBXFileReference; fileEncoding = 4; lastKnownFileType = sourcecode.c.h; path = SView.h; sourceTree = "<group>"; };
		D5957AE420073B9000F6EE60 /* SView.m */ = {isa = PBXFileReference; fileEncoding = 4; lastKnownFileType = sourcecode.c.objc; path = SView.m; sourceTree = "<group>"; };
		D5957AE520073B9000F6EE60 /* SWebView.h */ = {isa = PBXFileReference; fileEncoding = 4; lastKnownFileType = sourcecode.c.h; path = SWebView.h; sourceTree = "<group>"; };
		D5957AE620073B9000F6EE60 /* SWebView.m */ = {isa = PBXFileReference; fileEncoding = 4; lastKnownFileType = sourcecode.c.objc; path = SWebView.m; sourceTree = "<group>"; };
		D5957AFF2007409A00F6EE60 /* SModel+WCTTableCoding.h */ = {isa = PBXFileReference; lastKnownFileType = sourcecode.c.h; path = "SModel+WCTTableCoding.h"; sourceTree = "<group>"; };
		D5957B052007466C00F6EE60 /* SDao+Category.h */ = {isa = PBXFileReference; lastKnownFileType = sourcecode.c.h; path = "SDao+Category.h"; sourceTree = "<group>"; };
		D5957B062007466C00F6EE60 /* SDao+Category.mm */ = {isa = PBXFileReference; lastKnownFileType = sourcecode.cpp.objcpp; path = "SDao+Category.mm"; sourceTree = "<group>"; };
		D5957B0C200750FA00F6EE60 /* SCommonModel.h */ = {isa = PBXFileReference; lastKnownFileType = sourcecode.c.h; path = SCommonModel.h; sourceTree = "<group>"; };
		D5957B0D200750FA00F6EE60 /* SCommonModel.mm */ = {isa = PBXFileReference; lastKnownFileType = sourcecode.cpp.objcpp; path = SCommonModel.mm; sourceTree = "<group>"; };
		D5957B0F2007515300F6EE60 /* SCommonModel+WCTTableCoding.h */ = {isa = PBXFileReference; lastKnownFileType = sourcecode.c.h; path = "SCommonModel+WCTTableCoding.h"; sourceTree = "<group>"; };
		D5ACA7392015CAB900A6C84F /* Info.plist */ = {isa = PBXFileReference; fileEncoding = 4; lastKnownFileType = text.plist.xml; path = Info.plist; sourceTree = "<group>"; };
		D5ACA73A2015CAB900A6C84F /* Swizzle.h */ = {isa = PBXFileReference; fileEncoding = 4; lastKnownFileType = sourcecode.c.h; path = Swizzle.h; sourceTree = "<group>"; };
		D5ACA73B2015CAB900A6C84F /* Swizzle.m */ = {isa = PBXFileReference; fileEncoding = 4; lastKnownFileType = sourcecode.c.objc; path = Swizzle.m; sourceTree = "<group>"; };
		D5ACA73C2015CAB900A6C84F /* UINavigation+Margin.modulemap */ = {isa = PBXFileReference; fileEncoding = 4; lastKnownFileType = "sourcecode.module-map"; path = "UINavigation+Margin.modulemap"; sourceTree = "<group>"; };
		D5ACA73D2015CAB900A6C84F /* UINavigationBarContentView+Margin.h */ = {isa = PBXFileReference; fileEncoding = 4; lastKnownFileType = sourcecode.c.h; path = "UINavigationBarContentView+Margin.h"; sourceTree = "<group>"; };
		D5ACA73E2015CAB900A6C84F /* UINavigationBarContentView+Margin.m */ = {isa = PBXFileReference; fileEncoding = 4; lastKnownFileType = sourcecode.c.objc; path = "UINavigationBarContentView+Margin.m"; sourceTree = "<group>"; };
		D5ACA73F2015CAB900A6C84F /* UINavigationBarContentViewLayout+Margin.h */ = {isa = PBXFileReference; fileEncoding = 4; lastKnownFileType = sourcecode.c.h; path = "UINavigationBarContentViewLayout+Margin.h"; sourceTree = "<group>"; };
		D5ACA7402015CAB900A6C84F /* UINavigationBarContentViewLayout+Margin.m */ = {isa = PBXFileReference; fileEncoding = 4; lastKnownFileType = sourcecode.c.objc; path = "UINavigationBarContentViewLayout+Margin.m"; sourceTree = "<group>"; };
		D5ACA7412015CAB900A6C84F /* UINavigationItem+Margin.h */ = {isa = PBXFileReference; fileEncoding = 4; lastKnownFileType = sourcecode.c.h; path = "UINavigationItem+Margin.h"; sourceTree = "<group>"; };
		D5ACA7422015CAB900A6C84F /* UINavigationItem+Margin.m */ = {isa = PBXFileReference; fileEncoding = 4; lastKnownFileType = sourcecode.c.objc; path = "UINavigationItem+Margin.m"; sourceTree = "<group>"; };
		D5ACA7482015E72200A6C84F /* SSendMailRequest.h */ = {isa = PBXFileReference; lastKnownFileType = sourcecode.c.h; path = SSendMailRequest.h; sourceTree = "<group>"; };
		D5ACA7492015E72200A6C84F /* SSendMailRequest.m */ = {isa = PBXFileReference; lastKnownFileType = sourcecode.c.objc; path = SSendMailRequest.m; sourceTree = "<group>"; };
		D5ACA74B2015E73900A6C84F /* SSendMailResponse.h */ = {isa = PBXFileReference; lastKnownFileType = sourcecode.c.h; path = SSendMailResponse.h; sourceTree = "<group>"; };
		D5ACA74C2015E73900A6C84F /* SSendMailResponse.m */ = {isa = PBXFileReference; lastKnownFileType = sourcecode.c.objc; path = SSendMailResponse.m; sourceTree = "<group>"; };
		D5ACA74E2015E84200A6C84F /* SRegisterByMailRequest.h */ = {isa = PBXFileReference; lastKnownFileType = sourcecode.c.h; path = SRegisterByMailRequest.h; sourceTree = "<group>"; };
		D5ACA74F2015E84200A6C84F /* SRegisterByMailRequest.m */ = {isa = PBXFileReference; lastKnownFileType = sourcecode.c.objc; path = SRegisterByMailRequest.m; sourceTree = "<group>"; };
		D5ACA7512015E85700A6C84F /* SRegisterByMailResponse.h */ = {isa = PBXFileReference; lastKnownFileType = sourcecode.c.h; path = SRegisterByMailResponse.h; sourceTree = "<group>"; };
		D5ACA7522015E85700A6C84F /* SRegisterByMailResponse.m */ = {isa = PBXFileReference; lastKnownFileType = sourcecode.c.objc; path = SRegisterByMailResponse.m; sourceTree = "<group>"; };
		D5ACA7542015E89000A6C84F /* SRegisterByMailController.h */ = {isa = PBXFileReference; lastKnownFileType = sourcecode.c.h; path = SRegisterByMailController.h; sourceTree = "<group>"; };
		D5ACA7552015E89000A6C84F /* SRegisterByMailController.m */ = {isa = PBXFileReference; lastKnownFileType = sourcecode.c.objc; path = SRegisterByMailController.m; sourceTree = "<group>"; };
		D5ACA7582015F28900A6C84F /* LGetTextFiled.h */ = {isa = PBXFileReference; lastKnownFileType = sourcecode.c.h; path = LGetTextFiled.h; sourceTree = "<group>"; };
		D5ACA7592015F28900A6C84F /* LGetTextFiled.m */ = {isa = PBXFileReference; lastKnownFileType = sourcecode.c.objc; path = LGetTextFiled.m; sourceTree = "<group>"; };
		D5D7D8632016E44A005CBB11 /* SNavigationBar.h */ = {isa = PBXFileReference; lastKnownFileType = sourcecode.c.h; path = SNavigationBar.h; sourceTree = "<group>"; };
		D5D7D8642016E44A005CBB11 /* SNavigationBar.m */ = {isa = PBXFileReference; lastKnownFileType = sourcecode.c.objc; path = SNavigationBar.m; sourceTree = "<group>"; };
		D5D7D86620170962005CBB11 /* SLoginByMailController.h */ = {isa = PBXFileReference; lastKnownFileType = sourcecode.c.h; path = SLoginByMailController.h; sourceTree = "<group>"; };
		D5D7D86720170962005CBB11 /* SLoginByMailController.m */ = {isa = PBXFileReference; lastKnownFileType = sourcecode.c.objc; path = SLoginByMailController.m; sourceTree = "<group>"; };
		D5D7D869201717F2005CBB11 /* SForgetPWDByMailController.h */ = {isa = PBXFileReference; lastKnownFileType = sourcecode.c.h; path = SForgetPWDByMailController.h; sourceTree = "<group>"; };
		D5D7D86A201717F2005CBB11 /* SForgetPWDByMailController.m */ = {isa = PBXFileReference; lastKnownFileType = sourcecode.c.objc; path = SForgetPWDByMailController.m; sourceTree = "<group>"; };
		D5DB07041FEA440000A347B1 /* define_notice.h */ = {isa = PBXFileReference; lastKnownFileType = sourcecode.c.h; path = define_notice.h; sourceTree = "<group>"; };
		D5DB07051FEA443C00A347B1 /* define.h */ = {isa = PBXFileReference; lastKnownFileType = sourcecode.c.h; path = define.h; sourceTree = "<group>"; };
		D5DB071F1FEA4E0A00A347B1 /* define_enum.h */ = {isa = PBXFileReference; lastKnownFileType = sourcecode.c.h; path = define_enum.h; sourceTree = "<group>"; };
		D5DB07431FEA692F00A347B1 /* main.m */ = {isa = PBXFileReference; fileEncoding = 4; lastKnownFileType = sourcecode.c.objc; path = main.m; sourceTree = "<group>"; };
		D5E610C6200884AD003C847A /* STouchID.h */ = {isa = PBXFileReference; lastKnownFileType = sourcecode.c.h; path = STouchID.h; sourceTree = "<group>"; };
		D5E610C7200884AD003C847A /* STouchID.m */ = {isa = PBXFileReference; lastKnownFileType = sourcecode.c.objc; path = STouchID.m; sourceTree = "<group>"; };
		D5E610D120089528003C847A /* SFundController.h */ = {isa = PBXFileReference; lastKnownFileType = sourcecode.c.h; path = SFundController.h; sourceTree = "<group>"; };
		D5E610D220089528003C847A /* SFundController.m */ = {isa = PBXFileReference; lastKnownFileType = sourcecode.c.objc; path = SFundController.m; sourceTree = "<group>"; };
		D5E610D420089546003C847A /* SActivityController.h */ = {isa = PBXFileReference; lastKnownFileType = sourcecode.c.h; path = SActivityController.h; sourceTree = "<group>"; };
		D5E610D520089546003C847A /* SActivityController.m */ = {isa = PBXFileReference; lastKnownFileType = sourcecode.c.objc; path = SActivityController.m; sourceTree = "<group>"; };
		D5E610DC2008A669003C847A /* SWelcomeController.h */ = {isa = PBXFileReference; lastKnownFileType = sourcecode.c.h; path = SWelcomeController.h; sourceTree = "<group>"; };
		D5E610DD2008A669003C847A /* SWelcomeController.mm */ = {isa = PBXFileReference; lastKnownFileType = sourcecode.cpp.objcpp; path = SWelcomeController.mm; sourceTree = "<group>"; };
/* End PBXFileReference section */

/* Begin PBXFrameworksBuildPhase section */
		D5515EE41FDF5A5500278579 /* Frameworks */ = {
			isa = PBXFrameworksBuildPhase;
			buildActionMask = 2147483647;
			files = (
				9B14351AA3E79009169839B2 /* libPods-SelfSell.a in Frameworks */,
			);
			runOnlyForDeploymentPostprocessing = 0;
		};
		D5515EFC1FDF5A5500278579 /* Frameworks */ = {
			isa = PBXFrameworksBuildPhase;
			buildActionMask = 2147483647;
			files = (
			);
			runOnlyForDeploymentPostprocessing = 0;
		};
		D5515F071FDF5A5500278579 /* Frameworks */ = {
			isa = PBXFrameworksBuildPhase;
			buildActionMask = 2147483647;
			files = (
			);
			runOnlyForDeploymentPostprocessing = 0;
		};
/* End PBXFrameworksBuildPhase section */

/* Begin PBXGroup section */
		7F9310C7E6FC9DE930356DFF /* Frameworks */ = {
			isa = PBXGroup;
			children = (
				D519D3501FDF684600D4C9FD /* UIKit.framework */,
				D519D34F1FDF683A00D4C9FD /* Foundation.framework */,
				9EFF52A7EC8F1C623676E10C /* libPods-SelfSell.a */,
			);
			name = Frameworks;
			sourceTree = "<group>";
		};
		9B5CF5E07DAEE47E03015881 /* Pods */ = {
			isa = PBXGroup;
			children = (
				9D18FA091712F14E3B41300F /* Pods-SelfSell.debug.xcconfig */,
				B95743EA1191B400556286F0 /* Pods-SelfSell.release.xcconfig */,
			);
			name = Pods;
			sourceTree = "<group>";
		};
		D50297CB200C50CC008375F9 /* Setting */ = {
			isa = PBXGroup;
			children = (
				D50297CC200C50CC008375F9 /* Controller */,
				D50297CF200C50CC008375F9 /* Model */,
				D50297D2200C50CC008375F9 /* Request */,
				D50297D5200C50CC008375F9 /* Response */,
				D50297D8200C50CC008375F9 /* Service */,
				D50297DB200C50CC008375F9 /* View */,
				D50297DE200C50CC008375F9 /* ViewManager */,
				D50297E1200C50CC008375F9 /* ViewModel */,
			);
			path = Setting;
			sourceTree = "<group>";
		};
		D50297CC200C50CC008375F9 /* Controller */ = {
			isa = PBXGroup;
			children = (
				D5709CC1200EE021007BBD4C /* SAboutController.h */,
				D5709CC2200EE021007BBD4C /* SAboutController.m */,
				D554813920107356003C1D5D /* SGoogleValidateController.h */,
				D554813A20107356003C1D5D /* SGoogleValidateController.m */,
				D5709CBE200EE00B007BBD4C /* SLanguageController.h */,
				D5709CBF200EE00B007BBD4C /* SLanguageController.m */,
				D50297EF200C5443008375F9 /* SSetting0Controller.h */,
				D50297F0200C5443008375F9 /* SSetting0Controller.m */,
				D5709CBB200E081B007BBD4C /* SSetting1Controller.h */,
				D5709CBC200E081B007BBD4C /* SSetting1Controller.mm */,
				D5709CC4200EE03A007BBD4C /* SUpdatePWDController.h */,
				D5709CC5200EE03A007BBD4C /* SUpdatePWDController.m */,
			);
			path = Controller;
			sourceTree = "<group>";
		};
		D50297CF200C50CC008375F9 /* Model */ = {
			isa = PBXGroup;
			children = (
				D5029801200C578F008375F9 /* TBArrowModel.h */,
				D5029802200C578F008375F9 /* TBArrowModel.m */,
				D5709CCD200EE73A007BBD4C /* TBCheckModel.h */,
				D5709CCE200EE73A007BBD4C /* TBCheckModel.m */,
				D5029804200C57B7008375F9 /* TBExitModel.h */,
				D5029805200C57B7008375F9 /* TBExitModel.m */,
				D50297FB200C570D008375F9 /* TBModel.h */,
				D50297FC200C570D008375F9 /* TBModel.m */,
				D50297F8200C56EA008375F9 /* TBSectionModel.h */,
				D50297F9200C56EA008375F9 /* TBSectionModel.m */,
				D50297FE200C5770008375F9 /* TBSwitchModel.h */,
				D50297FF200C5770008375F9 /* TBSwitchModel.m */,
				D5709CB8200DAABA007BBD4C /* TBTextModel.h */,
				D5709CB9200DAABA007BBD4C /* TBTextModel.m */,
			);
			path = Model;
			sourceTree = "<group>";
		};
		D50297D2200C50CC008375F9 /* Request */ = {
			isa = PBXGroup;
			children = (
			);
			path = Request;
			sourceTree = "<group>";
		};
		D50297D5200C50CC008375F9 /* Response */ = {
			isa = PBXGroup;
			children = (
			);
			path = Response;
			sourceTree = "<group>";
		};
		D50297D8200C50CC008375F9 /* Service */ = {
			isa = PBXGroup;
			children = (
				D50297D9200C50CC008375F9 /* SSettingService.h */,
				D50297DA200C50CC008375F9 /* SSettingService.mm */,
				D5709CC7200EE60B007BBD4C /* SLanguageService.h */,
				D5709CC8200EE60B007BBD4C /* SLanguageService.m */,
			);
			path = Service;
			sourceTree = "<group>";
		};
		D50297DB200C50CC008375F9 /* View */ = {
			isa = PBXGroup;
			children = (
				D592E1B72011F6BF009B5DF5 /* SHeaderView.h */,
				D592E1B82011F6BF009B5DF5 /* SHeaderView.m */,
				D5029814200C5BE7008375F9 /* TBArrowCell.h */,
				D5029815200C5BE7008375F9 /* TBArrowCell.m */,
				D502980A200C58CC008375F9 /* TBCell.h */,
				D502980B200C58CC008375F9 /* TBCell.m */,
				D5709CCA200EE710007BBD4C /* TBCheckCell.h */,
				D5709CCB200EE710007BBD4C /* TBCheckCell.m */,
				D5029817200C5BF6008375F9 /* TBExitCell.h */,
				D5029818200C5BF6008375F9 /* TBExitCell.m */,
				D5029811200C5B41008375F9 /* TBSwitchCell.h */,
				D5029812200C5B41008375F9 /* TBSwitchCell.m */,
				D502980E200C5A4F008375F9 /* TBTableView.h */,
				D502980F200C5A4F008375F9 /* TBTableView.m */,
				D502981C200D9127008375F9 /* TBTextCell.h */,
				D502981D200D9127008375F9 /* TBTextCell.m */,
			);
			path = View;
			sourceTree = "<group>";
		};
		D50297DE200C50CC008375F9 /* ViewManager */ = {
			isa = PBXGroup;
			children = (
			);
			path = ViewManager;
			sourceTree = "<group>";
		};
		D50297E1200C50CC008375F9 /* ViewModel */ = {
			isa = PBXGroup;
			children = (
			);
			path = ViewModel;
			sourceTree = "<group>";
		};
		D5029CE91FDF6B370063D82A /* Resource */ = {
			isa = PBXGroup;
			children = (
				D540F5411FDF83DF00AECCB7 /* Assets.xcassets */,
				D5DB071F1FEA4E0A00A347B1 /* define_enum.h */,
				D5DB07041FEA440000A347B1 /* define_notice.h */,
				D5DB07051FEA443C00A347B1 /* define.h */,
				D5029CF81FDF6E180063D82A /* Info.plist */,
				D53B6B9A1FDF7DAD006AEB46 /* InfoPlist.strings */,
				D53B6B8F1FDF7A77006AEB46 /* Localizable.strings */,
				D5DB07431FEA692F00A347B1 /* main.m */,
				D5029CF71FDF6D6B0063D82A /* SelfSell-Prefix.pch */,
			);
			path = Resource;
			sourceTree = "<group>";
		};
		D54483391FED037D00D2F681 /* Version */ = {
			isa = PBXGroup;
			children = (
				D544833A1FED037D00D2F681 /* Controller  */,
				D54483421FED03F400D2F681 /* Model */,
				D54894E91FF23A4200F2019B /* Request */,
				D54894EA1FF23A4200F2019B /* Response */,
				D54483411FED03DD00D2F681 /* Service */,
				D544833B1FED037D00D2F681 /* View */,
				D544833C1FED037D00D2F681 /* ViewManager */,
				D544833D1FED037D00D2F681 /* ViewModel */,
			);
			path = Version;
			sourceTree = "<group>";
		};
		D544833A1FED037D00D2F681 /* Controller  */ = {
			isa = PBXGroup;
			children = (
				D54894E61FF2388E00F2019B /* test006.h */,
				D54894E71FF2388E00F2019B /* test006.m */,
			);
			path = "Controller ";
			sourceTree = "<group>";
		};
		D544833B1FED037D00D2F681 /* View */ = {
			isa = PBXGroup;
			children = (
				D54483491FED114200D2F681 /* SCheckVersionView.h */,
				D544834A1FED114200D2F681 /* SCheckVersionView.m */,
			);
			path = View;
			sourceTree = "<group>";
		};
		D544833C1FED037D00D2F681 /* ViewManager */ = {
			isa = PBXGroup;
			children = (
				D54894601FF0938400F2019B /* test002.h */,
				D54894611FF0938400F2019B /* test002.m */,
			);
			path = ViewManager;
			sourceTree = "<group>";
		};
		D544833D1FED037D00D2F681 /* ViewModel */ = {
			isa = PBXGroup;
			children = (
				D54894631FF0938C00F2019B /* test003.h */,
				D54894641FF0938C00F2019B /* test003.m */,
			);
			path = ViewModel;
			sourceTree = "<group>";
		};
		D54483411FED03DD00D2F681 /* Service */ = {
			isa = PBXGroup;
			children = (
				D54483461FED049300D2F681 /* SVersionService.h */,
				D54483471FED049300D2F681 /* SVersionService.m */,
			);
			path = Service;
			sourceTree = "<group>";
		};
		D54483421FED03F400D2F681 /* Model */ = {
			isa = PBXGroup;
			children = (
				D54483431FED040800D2F681 /* SVersionModel.h */,
				D54483441FED040800D2F681 /* SVersionModel.m */,
			);
			path = Model;
			sourceTree = "<group>";
		};
		D54894AB1FF22BE400F2019B /* Market */ = {
			isa = PBXGroup;
			children = (
				D54894AC1FF22BE400F2019B /* Controller */,
				D54894AD1FF22BE400F2019B /* Request */,
				D54894AE1FF22BE400F2019B /* Response */,
			);
			path = Market;
			sourceTree = "<group>";
		};
		D54894AC1FF22BE400F2019B /* Controller */ = {
			isa = PBXGroup;
			children = (
				D54894CD1FF22C5300F2019B /* SMarketController.h */,
				D54894CE1FF22C5300F2019B /* SMarketController.m */,
			);
			path = Controller;
			sourceTree = "<group>";
		};
		D54894AD1FF22BE400F2019B /* Request */ = {
			isa = PBXGroup;
			children = (
			);
			path = Request;
			sourceTree = "<group>";
		};
		D54894AE1FF22BE400F2019B /* Response */ = {
			isa = PBXGroup;
			children = (
			);
			path = Response;
			sourceTree = "<group>";
		};
		D54894AF1FF22BE400F2019B /* Account */ = {
			isa = PBXGroup;
			children = (
				D54894B01FF22BE400F2019B /* Controller */,
				D54894B31FF22BE400F2019B /* Model */,
				D54894FC1FF23F0C00F2019B /* Request */,
				D54894FF1FF23F0C00F2019B /* Response */,
			);
			path = Account;
			sourceTree = "<group>";
		};
		D54894B01FF22BE400F2019B /* Controller */ = {
			isa = PBXGroup;
			children = (
				D5ACA7582015F28900A6C84F /* LGetTextFiled.h */,
				D5ACA7592015F28900A6C84F /* LGetTextFiled.m */,
				D5D7D869201717F2005CBB11 /* SForgetPWDByMailController.h */,
				D5D7D86A201717F2005CBB11 /* SForgetPWDByMailController.m */,
				D5D7D86620170962005CBB11 /* SLoginByMailController.h */,
				D5D7D86720170962005CBB11 /* SLoginByMailController.m */,
				D54895041FF23F3700F2019B /* SLoginController.h */,
				D54895051FF23F3700F2019B /* SLoginController.m */,
				D5ACA7542015E89000A6C84F /* SRegisterByMailController.h */,
				D5ACA7552015E89000A6C84F /* SRegisterByMailController.m */,
			);
			path = Controller;
			sourceTree = "<group>";
		};
		D54894B31FF22BE400F2019B /* Model */ = {
			isa = PBXGroup;
			children = (
				D54894D31FF22CAD00F2019B /* SAccountModel.h */,
				D54894D41FF22CAD00F2019B /* SAccountModel.m */,
			);
			path = Model;
			sourceTree = "<group>";
		};
		D54894B61FF22BE400F2019B /* Talents */ = {
			isa = PBXGroup;
			children = (
				D54894B71FF22BE400F2019B /* Controller */,
				D54894B81FF22BE400F2019B /* Request */,
				D54894B91FF22BE400F2019B /* Response */,
			);
			path = Talents;
			sourceTree = "<group>";
		};
		D54894B71FF22BE400F2019B /* Controller */ = {
			isa = PBXGroup;
			children = (
				D54894CA1FF22C3E00F2019B /* STalentsController.h */,
				D54894CB1FF22C3E00F2019B /* STalentsController.m */,
			);
			path = Controller;
			sourceTree = "<group>";
		};
		D54894B81FF22BE400F2019B /* Request */ = {
			isa = PBXGroup;
			children = (
			);
			path = Request;
			sourceTree = "<group>";
		};
		D54894B91FF22BE400F2019B /* Response */ = {
			isa = PBXGroup;
			children = (
			);
			path = Response;
			sourceTree = "<group>";
		};
		D54894BA1FF22BE400F2019B /* Votes */ = {
			isa = PBXGroup;
			children = (
				D54894BB1FF22BE400F2019B /* Controller */,
				D54894BC1FF22BE400F2019B /* Request */,
				D54894BD1FF22BE400F2019B /* Response */,
			);
			path = Votes;
			sourceTree = "<group>";
		};
		D54894BB1FF22BE400F2019B /* Controller */ = {
			isa = PBXGroup;
			children = (
				D54894C41FF22C1400F2019B /* SVotesController.h */,
				D54894C51FF22C1400F2019B /* SVotesController.m */,
			);
			path = Controller;
			sourceTree = "<group>";
		};
		D54894BC1FF22BE400F2019B /* Request */ = {
			isa = PBXGroup;
			children = (
			);
			path = Request;
			sourceTree = "<group>";
		};
		D54894BD1FF22BE400F2019B /* Response */ = {
			isa = PBXGroup;
			children = (
			);
			path = Response;
			sourceTree = "<group>";
		};
		D54894BE1FF22BE400F2019B /* Views */ = {
			isa = PBXGroup;
			children = (
				D54894BF1FF22BE400F2019B /* Controller */,
				D54894C01FF22BE400F2019B /* Request */,
				D54894C11FF22BE400F2019B /* Response */,
			);
			path = Views;
			sourceTree = "<group>";
		};
		D54894BF1FF22BE400F2019B /* Controller */ = {
			isa = PBXGroup;
			children = (
				D54894C71FF22C2C00F2019B /* SViewsController.h */,
				D54894C81FF22C2C00F2019B /* SViewsController.m */,
			);
			path = Controller;
			sourceTree = "<group>";
		};
		D54894C01FF22BE400F2019B /* Request */ = {
			isa = PBXGroup;
			children = (
			);
			path = Request;
			sourceTree = "<group>";
		};
		D54894C11FF22BE400F2019B /* Response */ = {
			isa = PBXGroup;
			children = (
			);
			path = Response;
			sourceTree = "<group>";
		};
		D54894D61FF235AD00F2019B /* App */ = {
			isa = PBXGroup;
			children = (
				D54894DB1FF235AD00F2019B /* AppContext.h */,
				D54894DC1FF235AD00F2019B /* AppContext.m */,
				D54894D91FF235AD00F2019B /* AppContext+Account.h */,
				D54894DA1FF235AD00F2019B /* AppContext+Account.mm */,
				D54894D71FF235AD00F2019B /* AppContext+Cache.h */,
				D54894D81FF235AD00F2019B /* AppContext+Cache.m */,
				D54894DD1FF235AD00F2019B /* AppDelegate.h */,
				D54894DE1FF235AD00F2019B /* AppDelegate.m */,
			);
			path = App;
			sourceTree = "<group>";
		};
		D54894E91FF23A4200F2019B /* Request */ = {
			isa = PBXGroup;
			children = (
				D54894EB1FF23A9600F2019B /* SCheckVersionRequest.h */,
				D54894EC1FF23A9600F2019B /* SCheckVersionRequest.m */,
			);
			path = Request;
			sourceTree = "<group>";
		};
		D54894EA1FF23A4200F2019B /* Response */ = {
			isa = PBXGroup;
			children = (
				D54894EE1FF23AAB00F2019B /* SCheckVersionResponse.h */,
				D54894EF1FF23AAB00F2019B /* SCheckVersionResponse.m */,
			);
			path = Response;
			sourceTree = "<group>";
		};
		D54894FC1FF23F0C00F2019B /* Request */ = {
			isa = PBXGroup;
			children = (
				D54894FD1FF23F0C00F2019B /* SLoginByAccountRequest.h */,
				D54894FE1FF23F0C00F2019B /* SLoginByAccountRequest.m */,
				D5ACA7482015E72200A6C84F /* SSendMailRequest.h */,
				D5ACA7492015E72200A6C84F /* SSendMailRequest.m */,
				D5ACA74E2015E84200A6C84F /* SRegisterByMailRequest.h */,
				D5ACA74F2015E84200A6C84F /* SRegisterByMailRequest.m */,
			);
			path = Request;
			sourceTree = "<group>";
		};
		D54894FF1FF23F0C00F2019B /* Response */ = {
			isa = PBXGroup;
			children = (
				D54895001FF23F0C00F2019B /* SLoginByAccountResponse.h */,
				D54895011FF23F0C00F2019B /* SLoginByAccountResponse.m */,
				D5ACA74B2015E73900A6C84F /* SSendMailResponse.h */,
				D5ACA74C2015E73900A6C84F /* SSendMailResponse.m */,
				D5ACA7512015E85700A6C84F /* SRegisterByMailResponse.h */,
				D5ACA7522015E85700A6C84F /* SRegisterByMailResponse.m */,
			);
			path = Response;
			sourceTree = "<group>";
		};
		D54895091FF2532E00F2019B /* Util */ = {
			isa = PBXGroup;
			children = (
				D5957AB620073B9000F6EE60 /* Base */,
				D592E1A720118C7B009B5DF5 /* Category */,
				D5709CD0200F3840007BBD4C /* Language */,
				D5D7D8622016E437005CBB11 /* NavigationBar */,
				D548950A1FF2535900F2019B /* Network */,
				D5E610C520088492003C847A /* TouchID */,
			);
			path = Util;
			sourceTree = "<group>";
		};
		D548950A1FF2535900F2019B /* Network */ = {
			isa = PBXGroup;
			children = (
				D548950B1FF2536D00F2019B /* SNetwork.h */,
				D548950C1FF2536D00F2019B /* SNetwork.m */,
			);
			path = Network;
			sourceTree = "<group>";
		};
		D5515EDE1FDF5A5500278579 = {
			isa = PBXGroup;
			children = (
				D5515EE91FDF5A5500278579 /* SelfSell */,
				D5515F021FDF5A5500278579 /* SelfSellTests */,
				D5515F0D1FDF5A5500278579 /* SelfSellUITests */,
				D5515EE81FDF5A5500278579 /* Products */,
				9B5CF5E07DAEE47E03015881 /* Pods */,
				7F9310C7E6FC9DE930356DFF /* Frameworks */,
			);
			sourceTree = "<group>";
		};
		D5515EE81FDF5A5500278579 /* Products */ = {
			isa = PBXGroup;
			children = (
				D5515EE71FDF5A5500278579 /* SelfSell.app */,
				D5515EFF1FDF5A5500278579 /* SelfSellTests.xctest */,
				D5515F0A1FDF5A5500278579 /* SelfSellUITests.xctest */,
			);
			name = Products;
			sourceTree = "<group>";
		};
		D5515EE91FDF5A5500278579 /* SelfSell */ = {
			isa = PBXGroup;
			children = (
				D54894AF1FF22BE400F2019B /* Account */,
				D5E610C9200894B6003C847A /* Activity */,
				D54894D61FF235AD00F2019B /* App */,
				D5E610CD200894B6003C847A /* Fund */,
				D54894AB1FF22BE400F2019B /* Market */,
				D5029CE91FDF6B370063D82A /* Resource */,
				D50297CB200C50CC008375F9 /* Setting */,
				D54894B61FF22BE400F2019B /* Talents */,
				D54895091FF2532E00F2019B /* Util */,
				D54483391FED037D00D2F681 /* Version */,
				D54894BE1FF22BE400F2019B /* Views */,
				D54894BA1FF22BE400F2019B /* Votes */,
				D5E610D82008A651003C847A /* Welcome */,
			);
			path = SelfSell;
			sourceTree = "<group>";
		};
		D5515F021FDF5A5500278579 /* SelfSellTests */ = {
			isa = PBXGroup;
			children = (
				D5515F031FDF5A5500278579 /* SelfSellTests.m */,
				D5515F051FDF5A5500278579 /* Info.plist */,
			);
			path = SelfSellTests;
			sourceTree = "<group>";
		};
		D5515F0D1FDF5A5500278579 /* SelfSellUITests */ = {
			isa = PBXGroup;
			children = (
				D5515F0E1FDF5A5500278579 /* SelfSellUITests.m */,
				D5515F101FDF5A5500278579 /* Info.plist */,
			);
			path = SelfSellUITests;
			sourceTree = "<group>";
		};
		D5709CD0200F3840007BBD4C /* Language */ = {
			isa = PBXGroup;
			children = (
				D5709CD1200F3852007BBD4C /* SLanguage.h */,
				D5709CD2200F3852007BBD4C /* SLanguage.m */,
			);
			path = Language;
			sourceTree = "<group>";
		};
		D592E1A720118C7B009B5DF5 /* Category */ = {
			isa = PBXGroup;
			children = (
				D5ACA7382015CAB900A6C84F /* UINavigationItem+Margin */,
			);
			path = Category;
			sourceTree = "<group>";
		};
		D5957AB620073B9000F6EE60 /* Base */ = {
			isa = PBXGroup;
			children = (
				D5957AB720073B9000F6EE60 /* Cache */,
				D5957ABA20073B9000F6EE60 /* Controller */,
				D5957AC320073B9000F6EE60 /* Dao */,
				D5957AC620073B9000F6EE60 /* Model */,
				D5957ACB20073B9000F6EE60 /* Request */,
				D5957ACE20073B9000F6EE60 /* Response */,
				D5957AD120073B9000F6EE60 /* Service */,
				D5957AD420073B9000F6EE60 /* View */,
			);
			path = Base;
			sourceTree = "<group>";
		};
		D5957AB720073B9000F6EE60 /* Cache */ = {
			isa = PBXGroup;
			children = (
				D5957AB820073B9000F6EE60 /* SCache.h */,
				D5957AB920073B9000F6EE60 /* SCache.m */,
			);
			path = Cache;
			sourceTree = "<group>";
		};
		D5957ABA20073B9000F6EE60 /* Controller */ = {
			isa = PBXGroup;
			children = (
				D5957ABB20073B9000F6EE60 /* SNavigationController.h */,
				D5957ABC20073B9000F6EE60 /* SNavigationController.m */,
				D5957ABD20073B9000F6EE60 /* STabBarController.h */,
				D5957ABE20073B9000F6EE60 /* STabBarController.m */,
				D5957ABF20073B9000F6EE60 /* STableViewController.h */,
				D5957AC020073B9000F6EE60 /* STableViewController.m */,
				D5957AC120073B9000F6EE60 /* SViewController.h */,
				D5957AC220073B9000F6EE60 /* SViewController.m */,
			);
			path = Controller;
			sourceTree = "<group>";
		};
		D5957AC320073B9000F6EE60 /* Dao */ = {
			isa = PBXGroup;
			children = (
				D5957AC420073B9000F6EE60 /* SDao.h */,
				D5957AC520073B9000F6EE60 /* SDao.mm */,
				D5957B052007466C00F6EE60 /* SDao+Category.h */,
				D5957B062007466C00F6EE60 /* SDao+Category.mm */,
			);
			path = Dao;
			sourceTree = "<group>";
		};
		D5957AC620073B9000F6EE60 /* Model */ = {
			isa = PBXGroup;
			children = (
				D5957B0C200750FA00F6EE60 /* SCommonModel.h */,
				D5957B0D200750FA00F6EE60 /* SCommonModel.mm */,
				D5957B0F2007515300F6EE60 /* SCommonModel+WCTTableCoding.h */,
				D5957AC720073B9000F6EE60 /* SModel.h */,
				D5957AC820073B9000F6EE60 /* SModel.mm */,
				D5957AFF2007409A00F6EE60 /* SModel+WCTTableCoding.h */,
				D5957AC920073B9000F6EE60 /* SObject.h */,
				D5957ACA20073B9000F6EE60 /* SObject.m */,
			);
			path = Model;
			sourceTree = "<group>";
		};
		D5957ACB20073B9000F6EE60 /* Request */ = {
			isa = PBXGroup;
			children = (
				D5957ACC20073B9000F6EE60 /* SRequest.h */,
				D5957ACD20073B9000F6EE60 /* SRequest.m */,
			);
			path = Request;
			sourceTree = "<group>";
		};
		D5957ACE20073B9000F6EE60 /* Response */ = {
			isa = PBXGroup;
			children = (
				D5957ACF20073B9000F6EE60 /* SResponse.h */,
				D5957AD020073B9000F6EE60 /* SResponse.m */,
			);
			path = Response;
			sourceTree = "<group>";
		};
		D5957AD120073B9000F6EE60 /* Service */ = {
			isa = PBXGroup;
			children = (
				D5957AD220073B9000F6EE60 /* SService.h */,
				D5957AD320073B9000F6EE60 /* SService.m */,
			);
			path = Service;
			sourceTree = "<group>";
		};
		D5957AD420073B9000F6EE60 /* View */ = {
			isa = PBXGroup;
			children = (
				D5957AD520073B9000F6EE60 /* SButton.h */,
				D5957AD620073B9000F6EE60 /* SButton.m */,
				D5957AD720073B9000F6EE60 /* SImageView.h */,
				D5957AD820073B9000F6EE60 /* SImageView.m */,
				D5957AD920073B9000F6EE60 /* SLabel.h */,
				D5957ADA20073B9000F6EE60 /* SLabel.m */,
				D5957ADB20073B9000F6EE60 /* SScrollView.h */,
				D5957ADC20073B9000F6EE60 /* SScrollView.m */,
				D5957ADD20073B9000F6EE60 /* STabBar.h */,
				D5957ADE20073B9000F6EE60 /* STabBar.m */,
				D5957ADF20073B9000F6EE60 /* STableView.h */,
				D5957AE020073B9000F6EE60 /* STableView.m */,
				D5957AE120073B9000F6EE60 /* STextField.h */,
				D5957AE220073B9000F6EE60 /* STextField.m */,
				D5957AE320073B9000F6EE60 /* SView.h */,
				D5957AE420073B9000F6EE60 /* SView.m */,
				D5957AE520073B9000F6EE60 /* SWebView.h */,
				D5957AE620073B9000F6EE60 /* SWebView.m */,
			);
			path = View;
			sourceTree = "<group>";
		};
		D5ACA7382015CAB900A6C84F /* UINavigationItem+Margin */ = {
			isa = PBXGroup;
			children = (
				D5ACA7392015CAB900A6C84F /* Info.plist */,
				D5ACA73A2015CAB900A6C84F /* Swizzle.h */,
				D5ACA73B2015CAB900A6C84F /* Swizzle.m */,
				D5ACA73C2015CAB900A6C84F /* UINavigation+Margin.modulemap */,
				D5ACA73D2015CAB900A6C84F /* UINavigationBarContentView+Margin.h */,
				D5ACA73E2015CAB900A6C84F /* UINavigationBarContentView+Margin.m */,
				D5ACA73F2015CAB900A6C84F /* UINavigationBarContentViewLayout+Margin.h */,
				D5ACA7402015CAB900A6C84F /* UINavigationBarContentViewLayout+Margin.m */,
				D5ACA7412015CAB900A6C84F /* UINavigationItem+Margin.h */,
				D5ACA7422015CAB900A6C84F /* UINavigationItem+Margin.m */,
			);
			path = "UINavigationItem+Margin";
			sourceTree = "<group>";
		};
		D5D7D8622016E437005CBB11 /* NavigationBar */ = {
			isa = PBXGroup;
			children = (
				D5D7D8632016E44A005CBB11 /* SNavigationBar.h */,
				D5D7D8642016E44A005CBB11 /* SNavigationBar.m */,
			);
			path = NavigationBar;
			sourceTree = "<group>";
		};
		D5E610C520088492003C847A /* TouchID */ = {
			isa = PBXGroup;
			children = (
				D5E610C6200884AD003C847A /* STouchID.h */,
				D5E610C7200884AD003C847A /* STouchID.m */,
			);
			path = TouchID;
			sourceTree = "<group>";
		};
		D5E610C9200894B6003C847A /* Activity */ = {
			isa = PBXGroup;
			children = (
				D5E610CA200894B6003C847A /* Controller */,
				D5E610CB200894B6003C847A /* Request */,
				D5E610CC200894B6003C847A /* Response */,
			);
			path = Activity;
			sourceTree = "<group>";
		};
		D5E610CA200894B6003C847A /* Controller */ = {
			isa = PBXGroup;
			children = (
				D5E610D420089546003C847A /* SActivityController.h */,
				D5E610D520089546003C847A /* SActivityController.m */,
			);
			path = Controller;
			sourceTree = "<group>";
		};
		D5E610CB200894B6003C847A /* Request */ = {
			isa = PBXGroup;
			children = (
			);
			path = Request;
			sourceTree = "<group>";
		};
		D5E610CC200894B6003C847A /* Response */ = {
			isa = PBXGroup;
			children = (
			);
			path = Response;
			sourceTree = "<group>";
		};
		D5E610CD200894B6003C847A /* Fund */ = {
			isa = PBXGroup;
			children = (
				D5E610CE200894B6003C847A /* Controller */,
				D5E610CF200894B6003C847A /* Request */,
				D5E610D0200894B6003C847A /* Response */,
			);
			path = Fund;
			sourceTree = "<group>";
		};
		D5E610CE200894B6003C847A /* Controller */ = {
			isa = PBXGroup;
			children = (
				D5E610D120089528003C847A /* SFundController.h */,
				D5E610D220089528003C847A /* SFundController.m */,
			);
			path = Controller;
			sourceTree = "<group>";
		};
		D5E610CF200894B6003C847A /* Request */ = {
			isa = PBXGroup;
			children = (
			);
			path = Request;
			sourceTree = "<group>";
		};
		D5E610D0200894B6003C847A /* Response */ = {
			isa = PBXGroup;
			children = (
			);
			path = Response;
			sourceTree = "<group>";
		};
		D5E610D82008A651003C847A /* Welcome */ = {
			isa = PBXGroup;
			children = (
				D5E610D92008A651003C847A /* Controller */,
				D5E610DA2008A651003C847A /* Request */,
				D5E610DB2008A651003C847A /* Response */,
				D5E610DF2008A69C003C847A /* ViewModel */,
			);
			path = Welcome;
			sourceTree = "<group>";
		};
		D5E610D92008A651003C847A /* Controller */ = {
			isa = PBXGroup;
			children = (
				D5E610DC2008A669003C847A /* SWelcomeController.h */,
				D5E610DD2008A669003C847A /* SWelcomeController.mm */,
			);
			path = Controller;
			sourceTree = "<group>";
		};
		D5E610DA2008A651003C847A /* Request */ = {
			isa = PBXGroup;
			children = (
			);
			path = Request;
			sourceTree = "<group>";
		};
		D5E610DB2008A651003C847A /* Response */ = {
			isa = PBXGroup;
			children = (
			);
			path = Response;
			sourceTree = "<group>";
		};
		D5E610DF2008A69C003C847A /* ViewModel */ = {
			isa = PBXGroup;
			children = (
			);
			path = ViewModel;
			sourceTree = "<group>";
		};
/* End PBXGroup section */

/* Begin PBXNativeTarget section */
		D5515EE61FDF5A5500278579 /* SelfSell */ = {
			isa = PBXNativeTarget;
			buildConfigurationList = D5515F131FDF5A5500278579 /* Build configuration list for PBXNativeTarget "SelfSell" */;
			buildPhases = (
				70B55F366A0FEF07E4974EA1 /* [CP] Check Pods Manifest.lock */,
				D5515EE31FDF5A5500278579 /* Sources */,
				D5515EE41FDF5A5500278579 /* Frameworks */,
				D5515EE51FDF5A5500278579 /* Resources */,
				48B1AA8F0510176BBA65A377 /* [CP] Embed Pods Frameworks */,
				CED382B58FBC210815906CCB /* [CP] Copy Pods Resources */,
			);
			buildRules = (
			);
			dependencies = (
			);
			name = SelfSell;
			productName = SelfSell;
			productReference = D5515EE71FDF5A5500278579 /* SelfSell.app */;
			productType = "com.apple.product-type.application";
		};
		D5515EFE1FDF5A5500278579 /* SelfSellTests */ = {
			isa = PBXNativeTarget;
			buildConfigurationList = D5515F161FDF5A5500278579 /* Build configuration list for PBXNativeTarget "SelfSellTests" */;
			buildPhases = (
				D5515EFB1FDF5A5500278579 /* Sources */,
				D5515EFC1FDF5A5500278579 /* Frameworks */,
				D5515EFD1FDF5A5500278579 /* Resources */,
			);
			buildRules = (
			);
			dependencies = (
				D5515F011FDF5A5500278579 /* PBXTargetDependency */,
			);
			name = SelfSellTests;
			productName = SelfSellTests;
			productReference = D5515EFF1FDF5A5500278579 /* SelfSellTests.xctest */;
			productType = "com.apple.product-type.bundle.unit-test";
		};
		D5515F091FDF5A5500278579 /* SelfSellUITests */ = {
			isa = PBXNativeTarget;
			buildConfigurationList = D5515F191FDF5A5500278579 /* Build configuration list for PBXNativeTarget "SelfSellUITests" */;
			buildPhases = (
				D5515F061FDF5A5500278579 /* Sources */,
				D5515F071FDF5A5500278579 /* Frameworks */,
				D5515F081FDF5A5500278579 /* Resources */,
			);
			buildRules = (
			);
			dependencies = (
				D5515F0C1FDF5A5500278579 /* PBXTargetDependency */,
			);
			name = SelfSellUITests;
			productName = SelfSellUITests;
			productReference = D5515F0A1FDF5A5500278579 /* SelfSellUITests.xctest */;
			productType = "com.apple.product-type.bundle.ui-testing";
		};
/* End PBXNativeTarget section */

/* Begin PBXProject section */
		D5515EDF1FDF5A5500278579 /* Project object */ = {
			isa = PBXProject;
			attributes = {
				LastUpgradeCheck = 0910;
				ORGANIZATIONNAME = Goopal;
				TargetAttributes = {
					D5515EE61FDF5A5500278579 = {
						CreatedOnToolsVersion = 9.1;
						ProvisioningStyle = Automatic;
					};
					D5515EFE1FDF5A5500278579 = {
						CreatedOnToolsVersion = 9.1;
						ProvisioningStyle = Automatic;
						TestTargetID = D5515EE61FDF5A5500278579;
					};
					D5515F091FDF5A5500278579 = {
						CreatedOnToolsVersion = 9.1;
						ProvisioningStyle = Automatic;
						TestTargetID = D5515EE61FDF5A5500278579;
					};
				};
			};
			buildConfigurationList = D5515EE21FDF5A5500278579 /* Build configuration list for PBXProject "SelfSell" */;
			compatibilityVersion = "Xcode 8.0";
			developmentRegion = en;
			hasScannedForEncodings = 0;
			knownRegions = (
				en,
				Base,
				"zh-Hans",
			);
			mainGroup = D5515EDE1FDF5A5500278579;
			productRefGroup = D5515EE81FDF5A5500278579 /* Products */;
			projectDirPath = "";
			projectRoot = "";
			targets = (
				D5515EE61FDF5A5500278579 /* SelfSell */,
				D5515EFE1FDF5A5500278579 /* SelfSellTests */,
				D5515F091FDF5A5500278579 /* SelfSellUITests */,
			);
		};
/* End PBXProject section */

/* Begin PBXResourcesBuildPhase section */
		D5515EE51FDF5A5500278579 /* Resources */ = {
			isa = PBXResourcesBuildPhase;
			buildActionMask = 2147483647;
			files = (
				D540F5421FDF83DF00AECCB7 /* Assets.xcassets in Resources */,
				D5029CF91FDF6E180063D82A /* Info.plist in Resources */,
				D53B6B981FDF7DAD006AEB46 /* InfoPlist.strings in Resources */,
				D5ACA7432015CAB900A6C84F /* Info.plist in Resources */,
				D53B6B8D1FDF7A77006AEB46 /* Localizable.strings in Resources */,
			);
			runOnlyForDeploymentPostprocessing = 0;
		};
		D5515EFD1FDF5A5500278579 /* Resources */ = {
			isa = PBXResourcesBuildPhase;
			buildActionMask = 2147483647;
			files = (
			);
			runOnlyForDeploymentPostprocessing = 0;
		};
		D5515F081FDF5A5500278579 /* Resources */ = {
			isa = PBXResourcesBuildPhase;
			buildActionMask = 2147483647;
			files = (
			);
			runOnlyForDeploymentPostprocessing = 0;
		};
/* End PBXResourcesBuildPhase section */

/* Begin PBXShellScriptBuildPhase section */
		48B1AA8F0510176BBA65A377 /* [CP] Embed Pods Frameworks */ = {
			isa = PBXShellScriptBuildPhase;
			buildActionMask = 2147483647;
			files = (
			);
			inputPaths = (
			);
			name = "[CP] Embed Pods Frameworks";
			outputPaths = (
			);
			runOnlyForDeploymentPostprocessing = 0;
			shellPath = /bin/sh;
			shellScript = "\"${SRCROOT}/Pods/Target Support Files/Pods-SelfSell/Pods-SelfSell-frameworks.sh\"\n";
			showEnvVarsInLog = 0;
		};
		70B55F366A0FEF07E4974EA1 /* [CP] Check Pods Manifest.lock */ = {
			isa = PBXShellScriptBuildPhase;
			buildActionMask = 2147483647;
			files = (
			);
			inputPaths = (
				"${PODS_PODFILE_DIR_PATH}/Podfile.lock",
				"${PODS_ROOT}/Manifest.lock",
			);
			name = "[CP] Check Pods Manifest.lock";
			outputPaths = (
				"$(DERIVED_FILE_DIR)/Pods-SelfSell-checkManifestLockResult.txt",
			);
			runOnlyForDeploymentPostprocessing = 0;
			shellPath = /bin/sh;
			shellScript = "diff \"${PODS_PODFILE_DIR_PATH}/Podfile.lock\" \"${PODS_ROOT}/Manifest.lock\" > /dev/null\nif [ $? != 0 ] ; then\n    # print error to STDERR\n    echo \"error: The sandbox is not in sync with the Podfile.lock. Run 'pod install' or update your CocoaPods installation.\" >&2\n    exit 1\nfi\n# This output is used by Xcode 'outputs' to avoid re-running this script phase.\necho \"SUCCESS\" > \"${SCRIPT_OUTPUT_FILE_0}\"\n";
			showEnvVarsInLog = 0;
		};
		CED382B58FBC210815906CCB /* [CP] Copy Pods Resources */ = {
			isa = PBXShellScriptBuildPhase;
			buildActionMask = 2147483647;
			files = (
			);
			inputPaths = (
				"${SRCROOT}/Pods/Target Support Files/Pods-SelfSell/Pods-SelfSell-resources.sh",
				"${PODS_ROOT}/MJRefresh/MJRefresh/MJRefresh.bundle",
			);
			name = "[CP] Copy Pods Resources";
			outputPaths = (
				"${TARGET_BUILD_DIR}/${UNLOCALIZED_RESOURCES_FOLDER_PATH}",
			);
			runOnlyForDeploymentPostprocessing = 0;
			shellPath = /bin/sh;
			shellScript = "\"${SRCROOT}/Pods/Target Support Files/Pods-SelfSell/Pods-SelfSell-resources.sh\"\n";
			showEnvVarsInLog = 0;
		};
/* End PBXShellScriptBuildPhase section */

/* Begin PBXSourcesBuildPhase section */
		D5515EE31FDF5A5500278579 /* Sources */ = {
			isa = PBXSourcesBuildPhase;
			buildActionMask = 2147483647;
			files = (
				D5ACA7562015E89000A6C84F /* SRegisterByMailController.m in Sources */,
				D5E610C8200884AD003C847A /* STouchID.m in Sources */,
				D5957AEC20073B9000F6EE60 /* SDao.mm in Sources */,
				D54894E21FF235AD00F2019B /* AppDelegate.m in Sources */,
				D5029800200C5770008375F9 /* TBSwitchModel.m in Sources */,
				D5957AF820073B9000F6EE60 /* STextField.m in Sources */,
				D5029810200C5A4F008375F9 /* TBTableView.m in Sources */,
				D5957AF620073B9000F6EE60 /* STabBar.m in Sources */,
				D5E610D620089546003C847A /* SActivityController.m in Sources */,
				D54894ED1FF23A9600F2019B /* SCheckVersionRequest.m in Sources */,
				D50297FA200C56EA008375F9 /* TBSectionModel.m in Sources */,
				D5957B072007466C00F6EE60 /* SDao+Category.mm in Sources */,
				D5ACA7442015CAB900A6C84F /* Swizzle.m in Sources */,
				D5709CC0200EE00B007BBD4C /* SLanguageController.m in Sources */,
				D54894C61FF22C1400F2019B /* SVotesController.m in Sources */,
				D54894F01FF23AAB00F2019B /* SCheckVersionResponse.m in Sources */,
				D5709CC9200EE60B007BBD4C /* SLanguageService.m in Sources */,
				D5957AE720073B9000F6EE60 /* SCache.m in Sources */,
				D5029819200C5BF6008375F9 /* TBExitCell.m in Sources */,
				D5957AEA20073B9000F6EE60 /* STableViewController.m in Sources */,
				D5DB07441FEA692F00A347B1 /* main.m in Sources */,
				D554813B20107356003C1D5D /* SGoogleValidateController.m in Sources */,
				D54894E81FF2388E00F2019B /* test006.m in Sources */,
				D5E610D320089528003C847A /* SFundController.m in Sources */,
				D54895021FF23F0D00F2019B /* SLoginByAccountRequest.m in Sources */,
				D5ACA7452015CAB900A6C84F /* UINavigationBarContentView+Margin.m in Sources */,
				D5709CBA200DAABA007BBD4C /* TBTextModel.m in Sources */,
				D5957AF520073B9000F6EE60 /* SScrollView.m in Sources */,
				D5957AED20073B9000F6EE60 /* SModel.mm in Sources */,
				D50297FD200C570D008375F9 /* TBModel.m in Sources */,
				D5957AEE20073B9000F6EE60 /* SObject.m in Sources */,
				D54894E11FF235AD00F2019B /* AppContext.m in Sources */,
				D544834B1FED114200D2F681 /* SCheckVersionView.m in Sources */,
				D54894C91FF22C2C00F2019B /* SViewsController.m in Sources */,
				D54894651FF0938C00F2019B /* test003.m in Sources */,
				D50297F1200C5443008375F9 /* SSetting0Controller.m in Sources */,
				D5957AF020073B9000F6EE60 /* SResponse.m in Sources */,
				D5709CCF200EE73A007BBD4C /* TBCheckModel.m in Sources */,
				D5957AF920073B9000F6EE60 /* SView.m in Sources */,
				D5957AFA20073B9000F6EE60 /* SWebView.m in Sources */,
				D54894CC1FF22C3E00F2019B /* STalentsController.m in Sources */,
				D5ACA7462015CAB900A6C84F /* UINavigationBarContentViewLayout+Margin.m in Sources */,
				D5ACA7532015E85700A6C84F /* SRegisterByMailResponse.m in Sources */,
				D5957AEF20073B9000F6EE60 /* SRequest.m in Sources */,
				D5709CC3200EE021007BBD4C /* SAboutController.m in Sources */,
				D54894DF1FF235AD00F2019B /* AppContext+Cache.m in Sources */,
				D5029813200C5B41008375F9 /* TBSwitchCell.m in Sources */,
				D5709CD3200F3852007BBD4C /* SLanguage.m in Sources */,
				D5ACA74A2015E72200A6C84F /* SSendMailRequest.m in Sources */,
				D502981E200D9127008375F9 /* TBTextCell.m in Sources */,
				D5957B0E200750FA00F6EE60 /* SCommonModel.mm in Sources */,
				D5D7D8652016E44A005CBB11 /* SNavigationBar.m in Sources */,
				D5029806200C57B7008375F9 /* TBExitModel.m in Sources */,
				D5D7D86820170962005CBB11 /* SLoginByMailController.m in Sources */,
				D5D7D86B201717F2005CBB11 /* SForgetPWDByMailController.m in Sources */,
				D548950D1FF2536D00F2019B /* SNetwork.m in Sources */,
				D54894621FF0938400F2019B /* test002.m in Sources */,
				D5E610DE2008A669003C847A /* SWelcomeController.mm in Sources */,
				D592E1B92011F6BF009B5DF5 /* SHeaderView.m in Sources */,
				D5029816200C5BE7008375F9 /* TBArrowCell.m in Sources */,
				D5ACA7472015CAB900A6C84F /* UINavigationItem+Margin.m in Sources */,
				D5709CBD200E081B007BBD4C /* SSetting1Controller.mm in Sources */,
				D5957AE920073B9000F6EE60 /* STabBarController.m in Sources */,
				D502980C200C58CC008375F9 /* TBCell.m in Sources */,
				D5957AF320073B9000F6EE60 /* SImageView.m in Sources */,
				D54895031FF23F0D00F2019B /* SLoginByAccountResponse.m in Sources */,
				D5ACA75A2015F28900A6C84F /* LGetTextFiled.m in Sources */,
				D54894D51FF22CAD00F2019B /* SAccountModel.m in Sources */,
				D5957AF220073B9000F6EE60 /* SButton.m in Sources */,
				D5ACA74D2015E73900A6C84F /* SSendMailResponse.m in Sources */,
				D54895061FF23F3700F2019B /* SLoginController.m in Sources */,
				D5709CC6200EE03A007BBD4C /* SUpdatePWDController.m in Sources */,
				D5029803200C578F008375F9 /* TBArrowModel.m in Sources */,
				D54894E01FF235AD00F2019B /* AppContext+Account.mm in Sources */,
				D50297EA200C50CC008375F9 /* SSettingService.mm in Sources */,
				D5957AF720073B9000F6EE60 /* STableView.m in Sources */,
				D54894CF1FF22C5300F2019B /* SMarketController.m in Sources */,
				D5957AE820073B9000F6EE60 /* SNavigationController.m in Sources */,
				D54483451FED040800D2F681 /* SVersionModel.m in Sources */,
				D5957AF420073B9000F6EE60 /* SLabel.m in Sources */,
				D5709CCC200EE710007BBD4C /* TBCheckCell.m in Sources */,
				D54483481FED049300D2F681 /* SVersionService.m in Sources */,
				D5ACA7502015E84200A6C84F /* SRegisterByMailRequest.m in Sources */,
				D5957AEB20073B9000F6EE60 /* SViewController.m in Sources */,
				D5957AF120073B9000F6EE60 /* SService.m in Sources */,
			);
			runOnlyForDeploymentPostprocessing = 0;
		};
		D5515EFB1FDF5A5500278579 /* Sources */ = {
			isa = PBXSourcesBuildPhase;
			buildActionMask = 2147483647;
			files = (
				D5515F041FDF5A5500278579 /* SelfSellTests.m in Sources */,
			);
			runOnlyForDeploymentPostprocessing = 0;
		};
		D5515F061FDF5A5500278579 /* Sources */ = {
			isa = PBXSourcesBuildPhase;
			buildActionMask = 2147483647;
			files = (
				D5515F0F1FDF5A5500278579 /* SelfSellUITests.m in Sources */,
			);
			runOnlyForDeploymentPostprocessing = 0;
		};
/* End PBXSourcesBuildPhase section */

/* Begin PBXTargetDependency section */
		D5515F011FDF5A5500278579 /* PBXTargetDependency */ = {
			isa = PBXTargetDependency;
			target = D5515EE61FDF5A5500278579 /* SelfSell */;
			targetProxy = D5515F001FDF5A5500278579 /* PBXContainerItemProxy */;
		};
		D5515F0C1FDF5A5500278579 /* PBXTargetDependency */ = {
			isa = PBXTargetDependency;
			target = D5515EE61FDF5A5500278579 /* SelfSell */;
			targetProxy = D5515F0B1FDF5A5500278579 /* PBXContainerItemProxy */;
		};
/* End PBXTargetDependency section */

/* Begin PBXVariantGroup section */
		D53B6B8F1FDF7A77006AEB46 /* Localizable.strings */ = {
			isa = PBXVariantGroup;
			children = (
				D53B6B931FDF7ABB006AEB46 /* en */,
				D53B6B941FDF7B32006AEB46 /* zh-Hans */,
			);
			name = Localizable.strings;
			sourceTree = "<group>";
		};
		D53B6B9A1FDF7DAD006AEB46 /* InfoPlist.strings */ = {
			isa = PBXVariantGroup;
			children = (
				D53B6B991FDF7DAD006AEB46 /* en */,
				D53B6B9B1FDF7DB3006AEB46 /* zh-Hans */,
			);
			name = InfoPlist.strings;
			sourceTree = "<group>";
		};
/* End PBXVariantGroup section */

/* Begin XCBuildConfiguration section */
		D5515F111FDF5A5500278579 /* Debug */ = {
			isa = XCBuildConfiguration;
			buildSettings = {
				ALWAYS_SEARCH_USER_PATHS = NO;
				CLANG_ANALYZER_LOCALIZABILITY_NONLOCALIZED = YES;
				CLANG_ANALYZER_NONNULL = YES;
				CLANG_ANALYZER_NUMBER_OBJECT_CONVERSION = YES_AGGRESSIVE;
				CLANG_CXX_LANGUAGE_STANDARD = "gnu++14";
				CLANG_CXX_LIBRARY = "libc++";
				CLANG_ENABLE_MODULES = YES;
				CLANG_ENABLE_OBJC_ARC = YES;
				CLANG_WARN_BLOCK_CAPTURE_AUTORELEASING = YES;
				CLANG_WARN_BOOL_CONVERSION = YES;
				CLANG_WARN_COMMA = YES;
				CLANG_WARN_CONSTANT_CONVERSION = YES;
				CLANG_WARN_DIRECT_OBJC_ISA_USAGE = YES_ERROR;
				CLANG_WARN_DOCUMENTATION_COMMENTS = YES;
				CLANG_WARN_EMPTY_BODY = YES;
				CLANG_WARN_ENUM_CONVERSION = YES;
				CLANG_WARN_INFINITE_RECURSION = YES;
				CLANG_WARN_INT_CONVERSION = YES;
				CLANG_WARN_NON_LITERAL_NULL_CONVERSION = YES;
				CLANG_WARN_OBJC_LITERAL_CONVERSION = YES;
				CLANG_WARN_OBJC_ROOT_CLASS = YES_ERROR;
				CLANG_WARN_RANGE_LOOP_ANALYSIS = YES;
				CLANG_WARN_STRICT_PROTOTYPES = YES;
				CLANG_WARN_SUSPICIOUS_MOVE = YES;
				CLANG_WARN_UNGUARDED_AVAILABILITY = YES_AGGRESSIVE;
				CLANG_WARN_UNREACHABLE_CODE = YES;
				CLANG_WARN__DUPLICATE_METHOD_MATCH = YES;
				CODE_SIGN_IDENTITY = "iPhone Developer";
				COPY_PHASE_STRIP = NO;
				DEBUG_INFORMATION_FORMAT = dwarf;
				ENABLE_STRICT_OBJC_MSGSEND = YES;
				ENABLE_TESTABILITY = YES;
				GCC_C_LANGUAGE_STANDARD = gnu11;
				GCC_DYNAMIC_NO_PIC = NO;
				GCC_NO_COMMON_BLOCKS = YES;
				GCC_OPTIMIZATION_LEVEL = 0;
				GCC_PREPROCESSOR_DEFINITIONS = (
					"DEBUG=1",
					"$(inherited)",
				);
				GCC_WARN_64_TO_32_BIT_CONVERSION = YES;
				GCC_WARN_ABOUT_RETURN_TYPE = YES_ERROR;
				GCC_WARN_UNDECLARED_SELECTOR = YES;
				GCC_WARN_UNINITIALIZED_AUTOS = YES_AGGRESSIVE;
				GCC_WARN_UNUSED_FUNCTION = YES;
				GCC_WARN_UNUSED_VARIABLE = YES;
				IPHONEOS_DEPLOYMENT_TARGET = 9.0;
				MTL_ENABLE_DEBUG_INFO = YES;
				ONLY_ACTIVE_ARCH = YES;
				SDKROOT = iphoneos;
			};
			name = Debug;
		};
		D5515F121FDF5A5500278579 /* Release */ = {
			isa = XCBuildConfiguration;
			buildSettings = {
				ALWAYS_SEARCH_USER_PATHS = NO;
				CLANG_ANALYZER_LOCALIZABILITY_NONLOCALIZED = YES;
				CLANG_ANALYZER_NONNULL = YES;
				CLANG_ANALYZER_NUMBER_OBJECT_CONVERSION = YES_AGGRESSIVE;
				CLANG_CXX_LANGUAGE_STANDARD = "gnu++14";
				CLANG_CXX_LIBRARY = "libc++";
				CLANG_ENABLE_MODULES = YES;
				CLANG_ENABLE_OBJC_ARC = YES;
				CLANG_WARN_BLOCK_CAPTURE_AUTORELEASING = YES;
				CLANG_WARN_BOOL_CONVERSION = YES;
				CLANG_WARN_COMMA = YES;
				CLANG_WARN_CONSTANT_CONVERSION = YES;
				CLANG_WARN_DIRECT_OBJC_ISA_USAGE = YES_ERROR;
				CLANG_WARN_DOCUMENTATION_COMMENTS = YES;
				CLANG_WARN_EMPTY_BODY = YES;
				CLANG_WARN_ENUM_CONVERSION = YES;
				CLANG_WARN_INFINITE_RECURSION = YES;
				CLANG_WARN_INT_CONVERSION = YES;
				CLANG_WARN_NON_LITERAL_NULL_CONVERSION = YES;
				CLANG_WARN_OBJC_LITERAL_CONVERSION = YES;
				CLANG_WARN_OBJC_ROOT_CLASS = YES_ERROR;
				CLANG_WARN_RANGE_LOOP_ANALYSIS = YES;
				CLANG_WARN_STRICT_PROTOTYPES = YES;
				CLANG_WARN_SUSPICIOUS_MOVE = YES;
				CLANG_WARN_UNGUARDED_AVAILABILITY = YES_AGGRESSIVE;
				CLANG_WARN_UNREACHABLE_CODE = YES;
				CLANG_WARN__DUPLICATE_METHOD_MATCH = YES;
				CODE_SIGN_IDENTITY = "iPhone Developer";
				COPY_PHASE_STRIP = NO;
				DEBUG_INFORMATION_FORMAT = "dwarf-with-dsym";
				ENABLE_NS_ASSERTIONS = NO;
				ENABLE_STRICT_OBJC_MSGSEND = YES;
				GCC_C_LANGUAGE_STANDARD = gnu11;
				GCC_NO_COMMON_BLOCKS = YES;
				GCC_WARN_64_TO_32_BIT_CONVERSION = YES;
				GCC_WARN_ABOUT_RETURN_TYPE = YES_ERROR;
				GCC_WARN_UNDECLARED_SELECTOR = YES;
				GCC_WARN_UNINITIALIZED_AUTOS = YES_AGGRESSIVE;
				GCC_WARN_UNUSED_FUNCTION = YES;
				GCC_WARN_UNUSED_VARIABLE = YES;
				IPHONEOS_DEPLOYMENT_TARGET = 9.0;
				MTL_ENABLE_DEBUG_INFO = NO;
				SDKROOT = iphoneos;
				VALIDATE_PRODUCT = YES;
			};
			name = Release;
		};
		D5515F141FDF5A5500278579 /* Debug */ = {
			isa = XCBuildConfiguration;
			baseConfigurationReference = 9D18FA091712F14E3B41300F /* Pods-SelfSell.debug.xcconfig */;
			buildSettings = {
				ASSETCATALOG_COMPILER_APPICON_NAME = AppIcon;
				ASSETCATALOG_COMPILER_LAUNCHIMAGE_NAME = LaunchImage;
				CODE_SIGN_STYLE = Automatic;
				DEVELOPMENT_TEAM = FA78T6VRG8;
				GCC_PREFIX_HEADER = "SelfSell/Resource/SelfSell-Prefix.pch";
				INFOPLIST_FILE = SelfSell/Resource/Info.plist;
				IPHONEOS_DEPLOYMENT_TARGET = 9.0;
				LD_RUNPATH_SEARCH_PATHS = "$(inherited) @executable_path/Frameworks";
				PRODUCT_BUNDLE_IDENTIFIER = com.Goopal.SelfSell;
				PRODUCT_NAME = "$(TARGET_NAME)";
				TARGETED_DEVICE_FAMILY = 1;
			};
			name = Debug;
		};
		D5515F151FDF5A5500278579 /* Release */ = {
			isa = XCBuildConfiguration;
			baseConfigurationReference = B95743EA1191B400556286F0 /* Pods-SelfSell.release.xcconfig */;
			buildSettings = {
				ASSETCATALOG_COMPILER_APPICON_NAME = AppIcon;
				ASSETCATALOG_COMPILER_LAUNCHIMAGE_NAME = LaunchImage;
				CODE_SIGN_STYLE = Automatic;
				DEVELOPMENT_TEAM = FA78T6VRG8;
				GCC_PREFIX_HEADER = "SelfSell/Resource/SelfSell-Prefix.pch";
				INFOPLIST_FILE = SelfSell/Resource/Info.plist;
				IPHONEOS_DEPLOYMENT_TARGET = 9.0;
				LD_RUNPATH_SEARCH_PATHS = "$(inherited) @executable_path/Frameworks";
				PRODUCT_BUNDLE_IDENTIFIER = com.Goopal.SelfSell;
				PRODUCT_NAME = "$(TARGET_NAME)";
				TARGETED_DEVICE_FAMILY = 1;
			};
			name = Release;
		};
		D5515F171FDF5A5500278579 /* Debug */ = {
			isa = XCBuildConfiguration;
			buildSettings = {
				BUNDLE_LOADER = "$(TEST_HOST)";
				CODE_SIGN_STYLE = Automatic;
				DEVELOPMENT_TEAM = FA78T6VRG8;
				INFOPLIST_FILE = SelfSellTests/Info.plist;
				LD_RUNPATH_SEARCH_PATHS = "$(inherited) @executable_path/Frameworks @loader_path/Frameworks";
				PRODUCT_BUNDLE_IDENTIFIER = com.Goopal.SelfSellTests;
				PRODUCT_NAME = "$(TARGET_NAME)";
				TARGETED_DEVICE_FAMILY = "1,2";
				TEST_HOST = "$(BUILT_PRODUCTS_DIR)/SelfSell.app/SelfSell";
			};
			name = Debug;
		};
		D5515F181FDF5A5500278579 /* Release */ = {
			isa = XCBuildConfiguration;
			buildSettings = {
				BUNDLE_LOADER = "$(TEST_HOST)";
				CODE_SIGN_STYLE = Automatic;
				DEVELOPMENT_TEAM = FA78T6VRG8;
				INFOPLIST_FILE = SelfSellTests/Info.plist;
				LD_RUNPATH_SEARCH_PATHS = "$(inherited) @executable_path/Frameworks @loader_path/Frameworks";
				PRODUCT_BUNDLE_IDENTIFIER = com.Goopal.SelfSellTests;
				PRODUCT_NAME = "$(TARGET_NAME)";
				TARGETED_DEVICE_FAMILY = "1,2";
				TEST_HOST = "$(BUILT_PRODUCTS_DIR)/SelfSell.app/SelfSell";
			};
			name = Release;
		};
		D5515F1A1FDF5A5500278579 /* Debug */ = {
			isa = XCBuildConfiguration;
			buildSettings = {
				CODE_SIGN_STYLE = Automatic;
				DEVELOPMENT_TEAM = FA78T6VRG8;
				INFOPLIST_FILE = SelfSellUITests/Info.plist;
				LD_RUNPATH_SEARCH_PATHS = "$(inherited) @executable_path/Frameworks @loader_path/Frameworks";
				PRODUCT_BUNDLE_IDENTIFIER = com.Goopal.SelfSellUITests;
				PRODUCT_NAME = "$(TARGET_NAME)";
				TARGETED_DEVICE_FAMILY = "1,2";
				TEST_TARGET_NAME = SelfSell;
			};
			name = Debug;
		};
		D5515F1B1FDF5A5500278579 /* Release */ = {
			isa = XCBuildConfiguration;
			buildSettings = {
				CODE_SIGN_STYLE = Automatic;
				DEVELOPMENT_TEAM = FA78T6VRG8;
				INFOPLIST_FILE = SelfSellUITests/Info.plist;
				LD_RUNPATH_SEARCH_PATHS = "$(inherited) @executable_path/Frameworks @loader_path/Frameworks";
				PRODUCT_BUNDLE_IDENTIFIER = com.Goopal.SelfSellUITests;
				PRODUCT_NAME = "$(TARGET_NAME)";
				TARGETED_DEVICE_FAMILY = "1,2";
				TEST_TARGET_NAME = SelfSell;
			};
			name = Release;
		};
/* End XCBuildConfiguration section */

/* Begin XCConfigurationList section */
		D5515EE21FDF5A5500278579 /* Build configuration list for PBXProject "SelfSell" */ = {
			isa = XCConfigurationList;
			buildConfigurations = (
				D5515F111FDF5A5500278579 /* Debug */,
				D5515F121FDF5A5500278579 /* Release */,
			);
			defaultConfigurationIsVisible = 0;
			defaultConfigurationName = Release;
		};
		D5515F131FDF5A5500278579 /* Build configuration list for PBXNativeTarget "SelfSell" */ = {
			isa = XCConfigurationList;
			buildConfigurations = (
				D5515F141FDF5A5500278579 /* Debug */,
				D5515F151FDF5A5500278579 /* Release */,
			);
			defaultConfigurationIsVisible = 0;
			defaultConfigurationName = Release;
		};
		D5515F161FDF5A5500278579 /* Build configuration list for PBXNativeTarget "SelfSellTests" */ = {
			isa = XCConfigurationList;
			buildConfigurations = (
				D5515F171FDF5A5500278579 /* Debug */,
				D5515F181FDF5A5500278579 /* Release */,
			);
			defaultConfigurationIsVisible = 0;
			defaultConfigurationName = Release;
		};
		D5515F191FDF5A5500278579 /* Build configuration list for PBXNativeTarget "SelfSellUITests" */ = {
			isa = XCConfigurationList;
			buildConfigurations = (
				D5515F1A1FDF5A5500278579 /* Debug */,
				D5515F1B1FDF5A5500278579 /* Release */,
			);
			defaultConfigurationIsVisible = 0;
			defaultConfigurationName = Release;
		};
/* End XCConfigurationList section */
	};
	rootObject = D5515EDF1FDF5A5500278579 /* Project object */;
}
